// !$*UTF8*$!
{
	archiveVersion = 1;
	classes = {
	};
	objectVersion = 56;
	objects = {

/* Begin PBXBuildFile section */
		0A14325B2A3F50C0007D9509 /* AppDelegate.swift in Sources */ = {isa = PBXBuildFile; fileRef = 0A14325A2A3F50C0007D9509 /* AppDelegate.swift */; };
		0A14325D2A3F50C0007D9509 /* SceneDelegate.swift in Sources */ = {isa = PBXBuildFile; fileRef = 0A14325C2A3F50C0007D9509 /* SceneDelegate.swift */; };
		0A14325F2A3F50C0007D9509 /* ViewController.swift in Sources */ = {isa = PBXBuildFile; fileRef = 0A14325E2A3F50C0007D9509 /* ViewController.swift */; };
		0A1432622A3F50C0007D9509 /* Main.storyboard in Resources */ = {isa = PBXBuildFile; fileRef = 0A1432602A3F50C0007D9509 /* Main.storyboard */; };
		0A1432642A3F50C2007D9509 /* Assets.xcassets in Resources */ = {isa = PBXBuildFile; fileRef = 0A1432632A3F50C2007D9509 /* Assets.xcassets */; };
		0A1432672A3F50C2007D9509 /* LaunchScreen.storyboard in Resources */ = {isa = PBXBuildFile; fileRef = 0A1432652A3F50C2007D9509 /* LaunchScreen.storyboard */; };
		0A210E562A4F2EB200D5B750 /* GoogleService-Info.plist in Resources */ = {isa = PBXBuildFile; fileRef = 0A210E552A4F2EB200D5B750 /* GoogleService-Info.plist */; };
		0A210E5D2A4F423700D5B750 /* ProfileViewController.swift in Sources */ = {isa = PBXBuildFile; fileRef = 0A210E5C2A4F423700D5B750 /* ProfileViewController.swift */; };
		0A210E5F2A4F425D00D5B750 /* ProfileViewControllerView.swift in Sources */ = {isa = PBXBuildFile; fileRef = 0A210E5E2A4F425D00D5B750 /* ProfileViewControllerView.swift */; };
		0A210E672A4F702000D5B750 /* UserModel.swift in Sources */ = {isa = PBXBuildFile; fileRef = 0A210E662A4F702000D5B750 /* UserModel.swift */; };
		0A210E6E2A4F772F00D5B750 /* RealmManager.swift in Sources */ = {isa = PBXBuildFile; fileRef = 0A210E6D2A4F772F00D5B750 /* RealmManager.swift */; };
		0A210E702A4F77A100D5B750 /* UserModelRealm.swift in Sources */ = {isa = PBXBuildFile; fileRef = 0A210E6F2A4F77A000D5B750 /* UserModelRealm.swift */; };
		0A210E732A4F880000D5B750 /* BankAccountsTableViewCell.swift in Sources */ = {isa = PBXBuildFile; fileRef = 0A210E722A4F880000D5B750 /* BankAccountsTableViewCell.swift */; };
		0A2AFD332A882E0700D70A02 /* UserDefaultDarkModeStateDataSource.swift in Sources */ = {isa = PBXBuildFile; fileRef = 0A2AFD322A882E0700D70A02 /* UserDefaultDarkModeStateDataSource.swift */; };
		0A2AFD362A882E4B00D70A02 /* DarkModeSetter.swift in Sources */ = {isa = PBXBuildFile; fileRef = 0A2AFD352A882E4B00D70A02 /* DarkModeSetter.swift */; };
		0A2AFD382A882E6300D70A02 /* DarkModeGetter.swift in Sources */ = {isa = PBXBuildFile; fileRef = 0A2AFD372A882E6300D70A02 /* DarkModeGetter.swift */; };
		0A34DA3F2A6006F600461D45 /* UIButton+Target.swift in Sources */ = {isa = PBXBuildFile; fileRef = 0A34DA3E2A6006F600461D45 /* UIButton+Target.swift */; };
		0A475E092A52D31100B397AC /* EditProfileViewController.swift in Sources */ = {isa = PBXBuildFile; fileRef = 0A475E082A52D31100B397AC /* EditProfileViewController.swift */; };
		0A475E0B2A52D32B00B397AC /* EditProfileViewConttrollerView.swift in Sources */ = {isa = PBXBuildFile; fileRef = 0A475E0A2A52D32B00B397AC /* EditProfileViewConttrollerView.swift */; };
		0A629C0D2A81611400FD2464 /* SignOutNavigationResponder.swift in Sources */ = {isa = PBXBuildFile; fileRef = 0A629C0C2A81611400FD2464 /* SignOutNavigationResponder.swift */; };
		0A629C102A81636200FD2464 /* ShowUserAditionalInfoNavigationResponder.swift in Sources */ = {isa = PBXBuildFile; fileRef = 0A629C0F2A81636200FD2464 /* ShowUserAditionalInfoNavigationResponder.swift */; };
		0A629C122A81639C00FD2464 /* HideUserAdditionalInfoNavigationResponder.swift in Sources */ = {isa = PBXBuildFile; fileRef = 0A629C112A81639C00FD2464 /* HideUserAdditionalInfoNavigationResponder.swift */; };
		0A77FF3D2A5ED302005D1615 /* AddTransactionViewControllerKeyBoardView.swift in Sources */ = {isa = PBXBuildFile; fileRef = 0A77FF3C2A5ED302005D1615 /* AddTransactionViewControllerKeyBoardView.swift */; };
		0A77FF3F2A5ED4CC005D1615 /* UIStackView+MyStyle .swift in Sources */ = {isa = PBXBuildFile; fileRef = 0A77FF3E2A5ED4CC005D1615 /* UIStackView+MyStyle .swift */; };
		0A77FF432A5EDA41005D1615 /* KeyBoardButton.swift in Sources */ = {isa = PBXBuildFile; fileRef = 0A77FF422A5EDA41005D1615 /* KeyBoardButton.swift */; };
		0A7C97682A7FAD8800544576 /* AppColorGetter.swift in Sources */ = {isa = PBXBuildFile; fileRef = 0A7C97672A7FAD8800544576 /* AppColorGetter.swift */; };
		0A7C976A2A7FAD9800544576 /* AppColorSetter.swift in Sources */ = {isa = PBXBuildFile; fileRef = 0A7C97692A7FAD9800544576 /* AppColorSetter.swift */; };
		0A7C976D2A7FAE1000544576 /* UserDefaultAppColorDataSource.swift in Sources */ = {isa = PBXBuildFile; fileRef = 0A7C976C2A7FAE1000544576 /* UserDefaultAppColorDataSource.swift */; };
		0AA725CC2A65372A00B408C4 /* AccountDescriptionTableViewCell.swift in Sources */ = {isa = PBXBuildFile; fileRef = 0AA725CB2A65372A00B408C4 /* AccountDescriptionTableViewCell.swift */; };
		0AA725CF2A656B7300B408C4 /* TransactionCategoryCollectionViewCell.swift in Sources */ = {isa = PBXBuildFile; fileRef = 0AA725CE2A656B7300B408C4 /* TransactionCategoryCollectionViewCell.swift */; };
		0AA725D12A65885100B408C4 /* BankAccountsCollectionViewCell.swift in Sources */ = {isa = PBXBuildFile; fileRef = 0AA725D02A65885100B408C4 /* BankAccountsCollectionViewCell.swift */; };
		0AB7D0A12A6285A5004A9EF9 /* ConfigurableView.swift in Sources */ = {isa = PBXBuildFile; fileRef = 0AB7D0A02A6285A5004A9EF9 /* ConfigurableView.swift */; };
		0AB7D0A32A62862E004A9EF9 /* KeyBoardDelegate.swift in Sources */ = {isa = PBXBuildFile; fileRef = 0AB7D0A22A62862E004A9EF9 /* KeyBoardDelegate.swift */; };
		0AB7D0A52A628AFF004A9EF9 /* CalculatorWork.swift in Sources */ = {isa = PBXBuildFile; fileRef = 0AB7D0A42A628AFF004A9EF9 /* CalculatorWork.swift */; };
		0AB7D0A72A628B49004A9EF9 /* DisplayManager.swift in Sources */ = {isa = PBXBuildFile; fileRef = 0AB7D0A62A628B49004A9EF9 /* DisplayManager.swift */; };
		0AB7D0AA2A628BC5004A9EF9 /* Formatter.swift in Sources */ = {isa = PBXBuildFile; fileRef = 0AB7D0A92A628BC5004A9EF9 /* Formatter.swift */; };
		0AB7D0AD2A628F80004A9EF9 /* String+Converter.swift in Sources */ = {isa = PBXBuildFile; fileRef = 0AB7D0AC2A628F80004A9EF9 /* String+Converter.swift */; };
		0AB7D0B02A629AEC004A9EF9 /* AppFonts.swift in Sources */ = {isa = PBXBuildFile; fileRef = 0AB7D0AF2A629AEC004A9EF9 /* AppFonts.swift */; };
		0AB7D0B32A62B10C004A9EF9 /* BankAccountRealm.swift in Sources */ = {isa = PBXBuildFile; fileRef = 0AB7D0B22A62B10C004A9EF9 /* BankAccountRealm.swift */; };
		0AB7D0B62A62B1FB004A9EF9 /* BankAccountCreator.swift in Sources */ = {isa = PBXBuildFile; fileRef = 0AB7D0B52A62B1FB004A9EF9 /* BankAccountCreator.swift */; };
		0AB7D0B82A62B2FE004A9EF9 /* BankAccount.swift in Sources */ = {isa = PBXBuildFile; fileRef = 0AB7D0B72A62B2FE004A9EF9 /* BankAccount.swift */; };
		0AB7D0BB2A62B425004A9EF9 /* BankAccountRealmManager.swift in Sources */ = {isa = PBXBuildFile; fileRef = 0AB7D0BA2A62B425004A9EF9 /* BankAccountRealmManager.swift */; };
		0AB7D0BD2A62B5E1004A9EF9 /* BankAccountGetter.swift in Sources */ = {isa = PBXBuildFile; fileRef = 0AB7D0BC2A62B5E1004A9EF9 /* BankAccountGetter.swift */; };
		0AB7D0C02A62B780004A9EF9 /* BankAccountViewModel.swift in Sources */ = {isa = PBXBuildFile; fileRef = 0AB7D0BF2A62B780004A9EF9 /* BankAccountViewModel.swift */; };
		0AB7D0C62A62BDB2004A9EF9 /* AddBankAccountViewController.swift in Sources */ = {isa = PBXBuildFile; fileRef = 0AB7D0C52A62BDB2004A9EF9 /* AddBankAccountViewController.swift */; };
		0AB7D0C82A62BDC3004A9EF9 /* AddBankAccountViewControllerView.swift in Sources */ = {isa = PBXBuildFile; fileRef = 0AB7D0C72A62BDC3004A9EF9 /* AddBankAccountViewControllerView.swift */; };
		0AB7D0CB2A62BE3C004A9EF9 /* AddBankAccountViewModel.swift in Sources */ = {isa = PBXBuildFile; fileRef = 0AB7D0CA2A62BE3C004A9EF9 /* AddBankAccountViewModel.swift */; };
		0AB7D0D12A63F35A004A9EF9 /* AccountDescriptionViewController.swift in Sources */ = {isa = PBXBuildFile; fileRef = 0AB7D0D02A63F35A004A9EF9 /* AccountDescriptionViewController.swift */; };
		0AB7D0D32A63F369004A9EF9 /* AccountDescriptionViewControllerView.swift in Sources */ = {isa = PBXBuildFile; fileRef = 0AB7D0D22A63F369004A9EF9 /* AccountDescriptionViewControllerView.swift */; };
		0AB7D0DB2A63FA7B004A9EF9 /* TransactionDescriptionViewModel.swift in Sources */ = {isa = PBXBuildFile; fileRef = 0AB7D0DA2A63FA7B004A9EF9 /* TransactionDescriptionViewModel.swift */; };
		0AB7D0DD2A63FA87004A9EF9 /* TransactionDescriptionViewController.swift in Sources */ = {isa = PBXBuildFile; fileRef = 0AB7D0DC2A63FA87004A9EF9 /* TransactionDescriptionViewController.swift */; };
		0AB7D0DF2A63FA96004A9EF9 /* TransactionDescriptionViewControllerView.swift in Sources */ = {isa = PBXBuildFile; fileRef = 0AB7D0DE2A63FA96004A9EF9 /* TransactionDescriptionViewControllerView.swift */; };
		0AB7D0E42A63FD85004A9EF9 /* TransactionDescription.swift in Sources */ = {isa = PBXBuildFile; fileRef = 0AB7D0E32A63FD85004A9EF9 /* TransactionDescription.swift */; };
		0AB7D0E62A63FE43004A9EF9 /* TransactionDescriptionRealm.swift in Sources */ = {isa = PBXBuildFile; fileRef = 0AB7D0E52A63FE43004A9EF9 /* TransactionDescriptionRealm.swift */; };
		0AB7D0E82A63FF85004A9EF9 /* TransactionCreator.swift in Sources */ = {isa = PBXBuildFile; fileRef = 0AB7D0E72A63FF85004A9EF9 /* TransactionCreator.swift */; };
		0AB7D0EA2A63FFF8004A9EF9 /* TransactionGetter.swift in Sources */ = {isa = PBXBuildFile; fileRef = 0AB7D0E92A63FFF8004A9EF9 /* TransactionGetter.swift */; };
		0AB7D0ED2A640116004A9EF9 /* TransactionRealmManager.swift in Sources */ = {isa = PBXBuildFile; fileRef = 0AB7D0EC2A640116004A9EF9 /* TransactionRealmManager.swift */; };
		0AB7D0F02A640AA3004A9EF9 /* AccountDescriptionViewModel.swift in Sources */ = {isa = PBXBuildFile; fileRef = 0AB7D0EF2A640AA3004A9EF9 /* AccountDescriptionViewModel.swift */; };
		0ABBB3392A56C6B100AD1FA6 /* UserSignOut.swift in Sources */ = {isa = PBXBuildFile; fileRef = 0ABBB3382A56C6B100AD1FA6 /* UserSignOut.swift */; };
		0ABBB33C2A5704A700AD1FA6 /* ProfileViewModel.swift in Sources */ = {isa = PBXBuildFile; fileRef = 0ABBB33B2A5704A700AD1FA6 /* ProfileViewModel.swift */; };
		0AC029342A71889E000D7698 /* AnaliticsViewModel.swift in Sources */ = {isa = PBXBuildFile; fileRef = 0AC029332A71889E000D7698 /* AnaliticsViewModel.swift */; };
		0AC30BA32A59B19B00CA9168 /* ImagePicker.swift in Sources */ = {isa = PBXBuildFile; fileRef = 0AC30BA22A59B19B00CA9168 /* ImagePicker.swift */; };
		0AC30BA52A59B1A700CA9168 /* BlockTap.swift in Sources */ = {isa = PBXBuildFile; fileRef = 0AC30BA42A59B1A700CA9168 /* BlockTap.swift */; };
		0AC30BA72A59B88B00CA9168 /* UIImage+Extension.swift in Sources */ = {isa = PBXBuildFile; fileRef = 0AC30BA62A59B88B00CA9168 /* UIImage+Extension.swift */; };
		0AC4DD722A87A93800DDD51D /* EnumSettings.swift in Sources */ = {isa = PBXBuildFile; fileRef = 0AC4DD712A87A93800DDD51D /* EnumSettings.swift */; };
		0AC4DD742A87AA6D00DDD51D /* SettingsViewControllerTableViewHeaderView.swift in Sources */ = {isa = PBXBuildFile; fileRef = 0AC4DD732A87AA6D00DDD51D /* SettingsViewControllerTableViewHeaderView.swift */; };
		0AC4DD762A87BC9500DDD51D /* SettingsTableViewCellValue.swift in Sources */ = {isa = PBXBuildFile; fileRef = 0AC4DD752A87BC9500DDD51D /* SettingsTableViewCellValue.swift */; };
		0AE28BD12A88E504003888E1 /* SettingsViewModel.swift in Sources */ = {isa = PBXBuildFile; fileRef = 0AE28BD02A88E504003888E1 /* SettingsViewModel.swift */; };
		0AE423CD2A502A3A00311943 /* AuthorizationViewController.swift in Sources */ = {isa = PBXBuildFile; fileRef = 0AE423CC2A502A3A00311943 /* AuthorizationViewController.swift */; };
		0AE423CF2A502A6000311943 /* AuthorizationViewControllerView.swift in Sources */ = {isa = PBXBuildFile; fileRef = 0AE423CE2A502A6000311943 /* AuthorizationViewControllerView.swift */; };
		0AE423D22A502A9C00311943 /* AuthorizationViewModel.swift in Sources */ = {isa = PBXBuildFile; fileRef = 0AE423D12A502A9C00311943 /* AuthorizationViewModel.swift */; };
		0AE423D52A502D8A00311943 /* AuthorizationManager.swift in Sources */ = {isa = PBXBuildFile; fileRef = 0AE423D42A502D8A00311943 /* AuthorizationManager.swift */; };
		0AE423D72A502EEE00311943 /* GoogleAuthorizationClient.swift in Sources */ = {isa = PBXBuildFile; fileRef = 0AE423D62A502EEE00311943 /* GoogleAuthorizationClient.swift */; };
		0AE423DA2A50308C00311943 /* MyBudgetGoogleAuthorizationClient.swift in Sources */ = {isa = PBXBuildFile; fileRef = 0AE423D92A50308C00311943 /* MyBudgetGoogleAuthorizationClient.swift */; };
		0AE423DE2A5033C600311943 /* FirebaseAuthorizationManager.swift in Sources */ = {isa = PBXBuildFile; fileRef = 0AE423DD2A5033C600311943 /* FirebaseAuthorizationManager.swift */; };
		0AF382C72A66D4F100992B35 /* BankAccountDeleter.swift in Sources */ = {isa = PBXBuildFile; fileRef = 0AF382C62A66D4F100992B35 /* BankAccountDeleter.swift */; };
		0AF6A3D42A7406CC0083291C /* TransactionDeleter.swift in Sources */ = {isa = PBXBuildFile; fileRef = 0AF6A3D32A7406CB0083291C /* TransactionDeleter.swift */; };
		0AF6A3DC2A7427660083291C /* TransactionWasAddedAnimationViewControllerView.swift in Sources */ = {isa = PBXBuildFile; fileRef = 0AF6A3DB2A7427660083291C /* TransactionWasAddedAnimationViewControllerView.swift */; };
		0AF6A3DE2A74277A0083291C /* TransactionWasAddedAnimationViewController.swift in Sources */ = {isa = PBXBuildFile; fileRef = 0AF6A3DD2A74277A0083291C /* TransactionWasAddedAnimationViewController.swift */; };
		0AF6A3E12A7428EE0083291C /* TransactionWasAddedNavigationResponder.swift in Sources */ = {isa = PBXBuildFile; fileRef = 0AF6A3E02A7428EE0083291C /* TransactionWasAddedNavigationResponder.swift */; };
		0AF74EDC2A483BEA0038D221 /* MainViewController.swift in Sources */ = {isa = PBXBuildFile; fileRef = 0AF74EDB2A483BEA0038D221 /* MainViewController.swift */; };
		0AF74EDE2A483C670038D221 /* MainViewModel.swift in Sources */ = {isa = PBXBuildFile; fileRef = 0AF74EDD2A483C670038D221 /* MainViewModel.swift */; };
		0AF74EE12A483F7D0038D221 /* MyBudgetDependencyContainer.swift in Sources */ = {isa = PBXBuildFile; fileRef = 0AF74EE02A483F7D0038D221 /* MyBudgetDependencyContainer.swift */; };
		0AF74EE42A4842070038D221 /* MyBudgetTabBarDependecyContainer.swift in Sources */ = {isa = PBXBuildFile; fileRef = 0AF74EE32A4842070038D221 /* MyBudgetTabBarDependecyContainer.swift */; };
		0AF74EE72A4844C40038D221 /* UiViewController + Extensions.swift in Sources */ = {isa = PBXBuildFile; fileRef = 0AF74EE62A4844C40038D221 /* UiViewController + Extensions.swift */; };
		0AF74EF12A48473F0038D221 /* AddTransactionViewController.swift in Sources */ = {isa = PBXBuildFile; fileRef = 0AF74EF02A48473F0038D221 /* AddTransactionViewController.swift */; };
		0AF74EF52A4847BF0038D221 /* NiblessViewController.swift in Sources */ = {isa = PBXBuildFile; fileRef = 0AF74EF42A4847BF0038D221 /* NiblessViewController.swift */; };
		0AF74EF72A4847DD0038D221 /* NiblessView.swift in Sources */ = {isa = PBXBuildFile; fileRef = 0AF74EF62A4847DD0038D221 /* NiblessView.swift */; };
		0AF74EF92A48486D0038D221 /* AddTransactionViewControllerView.swift in Sources */ = {isa = PBXBuildFile; fileRef = 0AF74EF82A48486D0038D221 /* AddTransactionViewControllerView.swift */; };
		0AF74F002A4849500038D221 /* BankAccountsViewController.swift in Sources */ = {isa = PBXBuildFile; fileRef = 0AF74EFF2A4849500038D221 /* BankAccountsViewController.swift */; };
		0AF74F022A4849620038D221 /* BankAccountsViewControllerView.swift in Sources */ = {isa = PBXBuildFile; fileRef = 0AF74F012A4849620038D221 /* BankAccountsViewControllerView.swift */; };
		0AF74F042A484F470038D221 /* BankAccountsTotalBalanceView.swift in Sources */ = {isa = PBXBuildFile; fileRef = 0AF74F032A484F470038D221 /* BankAccountsTotalBalanceView.swift */; };
		0AFE735F2A5493E900E21458 /* AppColors.swift in Sources */ = {isa = PBXBuildFile; fileRef = 0AFE735E2A5493E900E21458 /* AppColors.swift */; };
		0AFE73642A54996600E21458 /* SettingsTableViewCell.swift in Sources */ = {isa = PBXBuildFile; fileRef = 0AFE73632A54996600E21458 /* SettingsTableViewCell.swift */; };
		0AFE736B2A55DFC300E21458 /* UserAdditionalInfoViewController.swift in Sources */ = {isa = PBXBuildFile; fileRef = 0AFE736A2A55DFC300E21458 /* UserAdditionalInfoViewController.swift */; };
		0AFE736D2A55DFDA00E21458 /* UserAdditionalInfoViewControllerView.swift in Sources */ = {isa = PBXBuildFile; fileRef = 0AFE736C2A55DFDA00E21458 /* UserAdditionalInfoViewControllerView.swift */; };
		0AFE73712A55E05400E21458 /* UserAdditionalInfoViewModel.swift in Sources */ = {isa = PBXBuildFile; fileRef = 0AFE73702A55E05400E21458 /* UserAdditionalInfoViewModel.swift */; };
		0AFE73742A55E96500E21458 /* HideAuthorizationNavigationResponder.swift in Sources */ = {isa = PBXBuildFile; fileRef = 0AFE73732A55E96500E21458 /* HideAuthorizationNavigationResponder.swift */; };
		0AFE73772A55EF0A00E21458 /* UserCreator.swift in Sources */ = {isa = PBXBuildFile; fileRef = 0AFE73762A55EF0A00E21458 /* UserCreator.swift */; };
		0AFE73792A55EFB200E21458 /* UserStore.swift in Sources */ = {isa = PBXBuildFile; fileRef = 0AFE73782A55EFB200E21458 /* UserStore.swift */; };
		0AFE737B2A55F01F00E21458 /* FirebaseUserStore.swift in Sources */ = {isa = PBXBuildFile; fileRef = 0AFE737A2A55F01F00E21458 /* FirebaseUserStore.swift */; };
		0AFE737D2A55F1D100E21458 /* FirebaseUserManager.swift in Sources */ = {isa = PBXBuildFile; fileRef = 0AFE737C2A55F1D100E21458 /* FirebaseUserManager.swift */; };
		0AFF815B2A4B2D68006ACF1F /* AnaliticsViewController.swift in Sources */ = {isa = PBXBuildFile; fileRef = 0AFF815A2A4B2D68006ACF1F /* AnaliticsViewController.swift */; };
		0AFF815E2A4B30D0006ACF1F /* SettingsViewController.swift in Sources */ = {isa = PBXBuildFile; fileRef = 0AFF815D2A4B30D0006ACF1F /* SettingsViewController.swift */; };
		0AFF81602A4B3229006ACF1F /* AnaliticsViewControllerView.swift in Sources */ = {isa = PBXBuildFile; fileRef = 0AFF815F2A4B3229006ACF1F /* AnaliticsViewControllerView.swift */; };
		0AFF81632A4B337D006ACF1F /* SettingsViewControllerView.swift in Sources */ = {isa = PBXBuildFile; fileRef = 0AFF81622A4B337D006ACF1F /* SettingsViewControllerView.swift */; };
		6B71B2AF0256FA9F9F37D883 /* Pods_MyBudget.framework in Frameworks */ = {isa = PBXBuildFile; fileRef = 92C2B0B097A4D0DB65D24E03 /* Pods_MyBudget.framework */; };
/* End PBXBuildFile section */

/* Begin PBXFileReference section */
		0A1432572A3F50C0007D9509 /* MyBudget.app */ = {isa = PBXFileReference; explicitFileType = wrapper.application; includeInIndex = 0; path = MyBudget.app; sourceTree = BUILT_PRODUCTS_DIR; };
		0A14325A2A3F50C0007D9509 /* AppDelegate.swift */ = {isa = PBXFileReference; lastKnownFileType = sourcecode.swift; path = AppDelegate.swift; sourceTree = "<group>"; };
		0A14325C2A3F50C0007D9509 /* SceneDelegate.swift */ = {isa = PBXFileReference; lastKnownFileType = sourcecode.swift; path = SceneDelegate.swift; sourceTree = "<group>"; };
		0A14325E2A3F50C0007D9509 /* ViewController.swift */ = {isa = PBXFileReference; lastKnownFileType = sourcecode.swift; path = ViewController.swift; sourceTree = "<group>"; };
		0A1432612A3F50C0007D9509 /* Base */ = {isa = PBXFileReference; lastKnownFileType = file.storyboard; name = Base; path = Base.lproj/Main.storyboard; sourceTree = "<group>"; };
		0A1432632A3F50C2007D9509 /* Assets.xcassets */ = {isa = PBXFileReference; lastKnownFileType = folder.assetcatalog; path = Assets.xcassets; sourceTree = "<group>"; };
		0A1432662A3F50C2007D9509 /* Base */ = {isa = PBXFileReference; lastKnownFileType = file.storyboard; name = Base; path = Base.lproj/LaunchScreen.storyboard; sourceTree = "<group>"; };
		0A1432682A3F50C2007D9509 /* Info.plist */ = {isa = PBXFileReference; lastKnownFileType = text.plist.xml; path = Info.plist; sourceTree = "<group>"; };
		0A210E552A4F2EB200D5B750 /* GoogleService-Info.plist */ = {isa = PBXFileReference; fileEncoding = 4; lastKnownFileType = text.plist.xml; path = "GoogleService-Info.plist"; sourceTree = "<group>"; };
		0A210E5C2A4F423700D5B750 /* ProfileViewController.swift */ = {isa = PBXFileReference; lastKnownFileType = sourcecode.swift; path = ProfileViewController.swift; sourceTree = "<group>"; };
		0A210E5E2A4F425D00D5B750 /* ProfileViewControllerView.swift */ = {isa = PBXFileReference; lastKnownFileType = sourcecode.swift; path = ProfileViewControllerView.swift; sourceTree = "<group>"; };
		0A210E662A4F702000D5B750 /* UserModel.swift */ = {isa = PBXFileReference; lastKnownFileType = sourcecode.swift; path = UserModel.swift; sourceTree = "<group>"; };
		0A210E6D2A4F772F00D5B750 /* RealmManager.swift */ = {isa = PBXFileReference; lastKnownFileType = sourcecode.swift; path = RealmManager.swift; sourceTree = "<group>"; };
		0A210E6F2A4F77A000D5B750 /* UserModelRealm.swift */ = {isa = PBXFileReference; lastKnownFileType = sourcecode.swift; path = UserModelRealm.swift; sourceTree = "<group>"; };
		0A210E722A4F880000D5B750 /* BankAccountsTableViewCell.swift */ = {isa = PBXFileReference; lastKnownFileType = sourcecode.swift; path = BankAccountsTableViewCell.swift; sourceTree = "<group>"; };
		0A2AFD322A882E0700D70A02 /* UserDefaultDarkModeStateDataSource.swift */ = {isa = PBXFileReference; lastKnownFileType = sourcecode.swift; path = UserDefaultDarkModeStateDataSource.swift; sourceTree = "<group>"; };
		0A2AFD352A882E4B00D70A02 /* DarkModeSetter.swift */ = {isa = PBXFileReference; lastKnownFileType = sourcecode.swift; path = DarkModeSetter.swift; sourceTree = "<group>"; };
		0A2AFD372A882E6300D70A02 /* DarkModeGetter.swift */ = {isa = PBXFileReference; lastKnownFileType = sourcecode.swift; path = DarkModeGetter.swift; sourceTree = "<group>"; };
		0A34DA3E2A6006F600461D45 /* UIButton+Target.swift */ = {isa = PBXFileReference; lastKnownFileType = sourcecode.swift; path = "UIButton+Target.swift"; sourceTree = "<group>"; };
		0A475E082A52D31100B397AC /* EditProfileViewController.swift */ = {isa = PBXFileReference; lastKnownFileType = sourcecode.swift; path = EditProfileViewController.swift; sourceTree = "<group>"; };
		0A475E0A2A52D32B00B397AC /* EditProfileViewConttrollerView.swift */ = {isa = PBXFileReference; lastKnownFileType = sourcecode.swift; path = EditProfileViewConttrollerView.swift; sourceTree = "<group>"; };
		0A629C0C2A81611400FD2464 /* SignOutNavigationResponder.swift */ = {isa = PBXFileReference; lastKnownFileType = sourcecode.swift; path = SignOutNavigationResponder.swift; sourceTree = "<group>"; };
		0A629C0F2A81636200FD2464 /* ShowUserAditionalInfoNavigationResponder.swift */ = {isa = PBXFileReference; lastKnownFileType = sourcecode.swift; path = ShowUserAditionalInfoNavigationResponder.swift; sourceTree = "<group>"; };
		0A629C112A81639C00FD2464 /* HideUserAdditionalInfoNavigationResponder.swift */ = {isa = PBXFileReference; lastKnownFileType = sourcecode.swift; path = HideUserAdditionalInfoNavigationResponder.swift; sourceTree = "<group>"; };
		0A77FF3C2A5ED302005D1615 /* AddTransactionViewControllerKeyBoardView.swift */ = {isa = PBXFileReference; lastKnownFileType = sourcecode.swift; path = AddTransactionViewControllerKeyBoardView.swift; sourceTree = "<group>"; };
		0A77FF3E2A5ED4CC005D1615 /* UIStackView+MyStyle .swift */ = {isa = PBXFileReference; lastKnownFileType = sourcecode.swift; path = "UIStackView+MyStyle .swift"; sourceTree = "<group>"; };
		0A77FF422A5EDA41005D1615 /* KeyBoardButton.swift */ = {isa = PBXFileReference; lastKnownFileType = sourcecode.swift; path = KeyBoardButton.swift; sourceTree = "<group>"; };
		0A7C97672A7FAD8800544576 /* AppColorGetter.swift */ = {isa = PBXFileReference; lastKnownFileType = sourcecode.swift; path = AppColorGetter.swift; sourceTree = "<group>"; };
		0A7C97692A7FAD9800544576 /* AppColorSetter.swift */ = {isa = PBXFileReference; lastKnownFileType = sourcecode.swift; path = AppColorSetter.swift; sourceTree = "<group>"; };
		0A7C976C2A7FAE1000544576 /* UserDefaultAppColorDataSource.swift */ = {isa = PBXFileReference; lastKnownFileType = sourcecode.swift; path = UserDefaultAppColorDataSource.swift; sourceTree = "<group>"; };
		0AA725CB2A65372A00B408C4 /* AccountDescriptionTableViewCell.swift */ = {isa = PBXFileReference; lastKnownFileType = sourcecode.swift; path = AccountDescriptionTableViewCell.swift; sourceTree = "<group>"; };
		0AA725CE2A656B7300B408C4 /* TransactionCategoryCollectionViewCell.swift */ = {isa = PBXFileReference; lastKnownFileType = sourcecode.swift; path = TransactionCategoryCollectionViewCell.swift; sourceTree = "<group>"; };
		0AA725D02A65885100B408C4 /* BankAccountsCollectionViewCell.swift */ = {isa = PBXFileReference; lastKnownFileType = sourcecode.swift; path = BankAccountsCollectionViewCell.swift; sourceTree = "<group>"; };
		0AB7D0A02A6285A5004A9EF9 /* ConfigurableView.swift */ = {isa = PBXFileReference; lastKnownFileType = sourcecode.swift; path = ConfigurableView.swift; sourceTree = "<group>"; };
		0AB7D0A22A62862E004A9EF9 /* KeyBoardDelegate.swift */ = {isa = PBXFileReference; lastKnownFileType = sourcecode.swift; path = KeyBoardDelegate.swift; sourceTree = "<group>"; };
		0AB7D0A42A628AFF004A9EF9 /* CalculatorWork.swift */ = {isa = PBXFileReference; lastKnownFileType = sourcecode.swift; path = CalculatorWork.swift; sourceTree = "<group>"; };
		0AB7D0A62A628B49004A9EF9 /* DisplayManager.swift */ = {isa = PBXFileReference; lastKnownFileType = sourcecode.swift; path = DisplayManager.swift; sourceTree = "<group>"; };
		0AB7D0A92A628BC5004A9EF9 /* Formatter.swift */ = {isa = PBXFileReference; lastKnownFileType = sourcecode.swift; path = Formatter.swift; sourceTree = "<group>"; };
		0AB7D0AC2A628F80004A9EF9 /* String+Converter.swift */ = {isa = PBXFileReference; lastKnownFileType = sourcecode.swift; path = "String+Converter.swift"; sourceTree = "<group>"; };
		0AB7D0AF2A629AEC004A9EF9 /* AppFonts.swift */ = {isa = PBXFileReference; lastKnownFileType = sourcecode.swift; path = AppFonts.swift; sourceTree = "<group>"; };
		0AB7D0B22A62B10C004A9EF9 /* BankAccountRealm.swift */ = {isa = PBXFileReference; lastKnownFileType = sourcecode.swift; path = BankAccountRealm.swift; sourceTree = "<group>"; };
		0AB7D0B52A62B1FB004A9EF9 /* BankAccountCreator.swift */ = {isa = PBXFileReference; lastKnownFileType = sourcecode.swift; path = BankAccountCreator.swift; sourceTree = "<group>"; };
		0AB7D0B72A62B2FE004A9EF9 /* BankAccount.swift */ = {isa = PBXFileReference; lastKnownFileType = sourcecode.swift; path = BankAccount.swift; sourceTree = "<group>"; };
		0AB7D0BA2A62B425004A9EF9 /* BankAccountRealmManager.swift */ = {isa = PBXFileReference; lastKnownFileType = sourcecode.swift; path = BankAccountRealmManager.swift; sourceTree = "<group>"; };
		0AB7D0BC2A62B5E1004A9EF9 /* BankAccountGetter.swift */ = {isa = PBXFileReference; lastKnownFileType = sourcecode.swift; path = BankAccountGetter.swift; sourceTree = "<group>"; };
		0AB7D0BF2A62B780004A9EF9 /* BankAccountViewModel.swift */ = {isa = PBXFileReference; lastKnownFileType = sourcecode.swift; path = BankAccountViewModel.swift; sourceTree = "<group>"; };
		0AB7D0C52A62BDB2004A9EF9 /* AddBankAccountViewController.swift */ = {isa = PBXFileReference; lastKnownFileType = sourcecode.swift; path = AddBankAccountViewController.swift; sourceTree = "<group>"; };
		0AB7D0C72A62BDC3004A9EF9 /* AddBankAccountViewControllerView.swift */ = {isa = PBXFileReference; lastKnownFileType = sourcecode.swift; path = AddBankAccountViewControllerView.swift; sourceTree = "<group>"; };
		0AB7D0CA2A62BE3C004A9EF9 /* AddBankAccountViewModel.swift */ = {isa = PBXFileReference; lastKnownFileType = sourcecode.swift; path = AddBankAccountViewModel.swift; sourceTree = "<group>"; };
		0AB7D0D02A63F35A004A9EF9 /* AccountDescriptionViewController.swift */ = {isa = PBXFileReference; lastKnownFileType = sourcecode.swift; path = AccountDescriptionViewController.swift; sourceTree = "<group>"; };
		0AB7D0D22A63F369004A9EF9 /* AccountDescriptionViewControllerView.swift */ = {isa = PBXFileReference; lastKnownFileType = sourcecode.swift; path = AccountDescriptionViewControllerView.swift; sourceTree = "<group>"; };
		0AB7D0DA2A63FA7B004A9EF9 /* TransactionDescriptionViewModel.swift */ = {isa = PBXFileReference; lastKnownFileType = sourcecode.swift; path = TransactionDescriptionViewModel.swift; sourceTree = "<group>"; };
		0AB7D0DC2A63FA87004A9EF9 /* TransactionDescriptionViewController.swift */ = {isa = PBXFileReference; lastKnownFileType = sourcecode.swift; path = TransactionDescriptionViewController.swift; sourceTree = "<group>"; };
		0AB7D0DE2A63FA96004A9EF9 /* TransactionDescriptionViewControllerView.swift */ = {isa = PBXFileReference; lastKnownFileType = sourcecode.swift; path = TransactionDescriptionViewControllerView.swift; sourceTree = "<group>"; };
		0AB7D0E32A63FD85004A9EF9 /* TransactionDescription.swift */ = {isa = PBXFileReference; lastKnownFileType = sourcecode.swift; path = TransactionDescription.swift; sourceTree = "<group>"; };
		0AB7D0E52A63FE43004A9EF9 /* TransactionDescriptionRealm.swift */ = {isa = PBXFileReference; lastKnownFileType = sourcecode.swift; path = TransactionDescriptionRealm.swift; sourceTree = "<group>"; };
		0AB7D0E72A63FF85004A9EF9 /* TransactionCreator.swift */ = {isa = PBXFileReference; lastKnownFileType = sourcecode.swift; path = TransactionCreator.swift; sourceTree = "<group>"; };
		0AB7D0E92A63FFF8004A9EF9 /* TransactionGetter.swift */ = {isa = PBXFileReference; lastKnownFileType = sourcecode.swift; path = TransactionGetter.swift; sourceTree = "<group>"; };
		0AB7D0EC2A640116004A9EF9 /* TransactionRealmManager.swift */ = {isa = PBXFileReference; lastKnownFileType = sourcecode.swift; path = TransactionRealmManager.swift; sourceTree = "<group>"; };
		0AB7D0EF2A640AA3004A9EF9 /* AccountDescriptionViewModel.swift */ = {isa = PBXFileReference; lastKnownFileType = sourcecode.swift; path = AccountDescriptionViewModel.swift; sourceTree = "<group>"; };
		0ABBB3382A56C6B100AD1FA6 /* UserSignOut.swift */ = {isa = PBXFileReference; lastKnownFileType = sourcecode.swift; path = UserSignOut.swift; sourceTree = "<group>"; };
		0ABBB33B2A5704A700AD1FA6 /* ProfileViewModel.swift */ = {isa = PBXFileReference; lastKnownFileType = sourcecode.swift; path = ProfileViewModel.swift; sourceTree = "<group>"; };
		0AC029332A71889E000D7698 /* AnaliticsViewModel.swift */ = {isa = PBXFileReference; lastKnownFileType = sourcecode.swift; path = AnaliticsViewModel.swift; sourceTree = "<group>"; };
		0AC30BA22A59B19B00CA9168 /* ImagePicker.swift */ = {isa = PBXFileReference; lastKnownFileType = sourcecode.swift; path = ImagePicker.swift; sourceTree = "<group>"; };
		0AC30BA42A59B1A700CA9168 /* BlockTap.swift */ = {isa = PBXFileReference; lastKnownFileType = sourcecode.swift; path = BlockTap.swift; sourceTree = "<group>"; };
		0AC30BA62A59B88B00CA9168 /* UIImage+Extension.swift */ = {isa = PBXFileReference; lastKnownFileType = sourcecode.swift; path = "UIImage+Extension.swift"; sourceTree = "<group>"; };
		0AC4DD712A87A93800DDD51D /* EnumSettings.swift */ = {isa = PBXFileReference; lastKnownFileType = sourcecode.swift; path = EnumSettings.swift; sourceTree = "<group>"; };
		0AC4DD732A87AA6D00DDD51D /* SettingsViewControllerTableViewHeaderView.swift */ = {isa = PBXFileReference; lastKnownFileType = sourcecode.swift; path = SettingsViewControllerTableViewHeaderView.swift; sourceTree = "<group>"; };
		0AC4DD752A87BC9500DDD51D /* SettingsTableViewCellValue.swift */ = {isa = PBXFileReference; lastKnownFileType = sourcecode.swift; path = SettingsTableViewCellValue.swift; sourceTree = "<group>"; };
		0AE28BD02A88E504003888E1 /* SettingsViewModel.swift */ = {isa = PBXFileReference; lastKnownFileType = sourcecode.swift; path = SettingsViewModel.swift; sourceTree = "<group>"; };
		0AE423CC2A502A3A00311943 /* AuthorizationViewController.swift */ = {isa = PBXFileReference; lastKnownFileType = sourcecode.swift; path = AuthorizationViewController.swift; sourceTree = "<group>"; };
		0AE423CE2A502A6000311943 /* AuthorizationViewControllerView.swift */ = {isa = PBXFileReference; lastKnownFileType = sourcecode.swift; path = AuthorizationViewControllerView.swift; sourceTree = "<group>"; };
		0AE423D12A502A9C00311943 /* AuthorizationViewModel.swift */ = {isa = PBXFileReference; lastKnownFileType = sourcecode.swift; path = AuthorizationViewModel.swift; sourceTree = "<group>"; };
		0AE423D42A502D8A00311943 /* AuthorizationManager.swift */ = {isa = PBXFileReference; lastKnownFileType = sourcecode.swift; path = AuthorizationManager.swift; sourceTree = "<group>"; };
		0AE423D62A502EEE00311943 /* GoogleAuthorizationClient.swift */ = {isa = PBXFileReference; lastKnownFileType = sourcecode.swift; path = GoogleAuthorizationClient.swift; sourceTree = "<group>"; };
		0AE423D92A50308C00311943 /* MyBudgetGoogleAuthorizationClient.swift */ = {isa = PBXFileReference; lastKnownFileType = sourcecode.swift; path = MyBudgetGoogleAuthorizationClient.swift; sourceTree = "<group>"; };
		0AE423DD2A5033C600311943 /* FirebaseAuthorizationManager.swift */ = {isa = PBXFileReference; lastKnownFileType = sourcecode.swift; path = FirebaseAuthorizationManager.swift; sourceTree = "<group>"; };
		0AF382C62A66D4F100992B35 /* BankAccountDeleter.swift */ = {isa = PBXFileReference; lastKnownFileType = sourcecode.swift; path = BankAccountDeleter.swift; sourceTree = "<group>"; };
		0AF6A3D32A7406CB0083291C /* TransactionDeleter.swift */ = {isa = PBXFileReference; lastKnownFileType = sourcecode.swift; path = TransactionDeleter.swift; sourceTree = "<group>"; };
		0AF6A3DB2A7427660083291C /* TransactionWasAddedAnimationViewControllerView.swift */ = {isa = PBXFileReference; lastKnownFileType = sourcecode.swift; path = TransactionWasAddedAnimationViewControllerView.swift; sourceTree = "<group>"; };
		0AF6A3DD2A74277A0083291C /* TransactionWasAddedAnimationViewController.swift */ = {isa = PBXFileReference; lastKnownFileType = sourcecode.swift; path = TransactionWasAddedAnimationViewController.swift; sourceTree = "<group>"; };
		0AF6A3E02A7428EE0083291C /* TransactionWasAddedNavigationResponder.swift */ = {isa = PBXFileReference; lastKnownFileType = sourcecode.swift; path = TransactionWasAddedNavigationResponder.swift; sourceTree = "<group>"; };
		0AF74EDB2A483BEA0038D221 /* MainViewController.swift */ = {isa = PBXFileReference; lastKnownFileType = sourcecode.swift; path = MainViewController.swift; sourceTree = "<group>"; };
		0AF74EDD2A483C670038D221 /* MainViewModel.swift */ = {isa = PBXFileReference; lastKnownFileType = sourcecode.swift; path = MainViewModel.swift; sourceTree = "<group>"; };
		0AF74EE02A483F7D0038D221 /* MyBudgetDependencyContainer.swift */ = {isa = PBXFileReference; lastKnownFileType = sourcecode.swift; path = MyBudgetDependencyContainer.swift; sourceTree = "<group>"; };
		0AF74EE32A4842070038D221 /* MyBudgetTabBarDependecyContainer.swift */ = {isa = PBXFileReference; lastKnownFileType = sourcecode.swift; path = MyBudgetTabBarDependecyContainer.swift; sourceTree = "<group>"; };
		0AF74EE62A4844C40038D221 /* UiViewController + Extensions.swift */ = {isa = PBXFileReference; lastKnownFileType = sourcecode.swift; path = "UiViewController + Extensions.swift"; sourceTree = "<group>"; };
		0AF74EF02A48473F0038D221 /* AddTransactionViewController.swift */ = {isa = PBXFileReference; lastKnownFileType = sourcecode.swift; path = AddTransactionViewController.swift; sourceTree = "<group>"; };
		0AF74EF42A4847BF0038D221 /* NiblessViewController.swift */ = {isa = PBXFileReference; lastKnownFileType = sourcecode.swift; path = NiblessViewController.swift; sourceTree = "<group>"; };
		0AF74EF62A4847DD0038D221 /* NiblessView.swift */ = {isa = PBXFileReference; lastKnownFileType = sourcecode.swift; path = NiblessView.swift; sourceTree = "<group>"; };
		0AF74EF82A48486D0038D221 /* AddTransactionViewControllerView.swift */ = {isa = PBXFileReference; lastKnownFileType = sourcecode.swift; path = AddTransactionViewControllerView.swift; sourceTree = "<group>"; };
		0AF74EFF2A4849500038D221 /* BankAccountsViewController.swift */ = {isa = PBXFileReference; lastKnownFileType = sourcecode.swift; path = BankAccountsViewController.swift; sourceTree = "<group>"; };
		0AF74F012A4849620038D221 /* BankAccountsViewControllerView.swift */ = {isa = PBXFileReference; lastKnownFileType = sourcecode.swift; path = BankAccountsViewControllerView.swift; sourceTree = "<group>"; };
		0AF74F032A484F470038D221 /* BankAccountsTotalBalanceView.swift */ = {isa = PBXFileReference; lastKnownFileType = sourcecode.swift; path = BankAccountsTotalBalanceView.swift; sourceTree = "<group>"; };
		0AFE735E2A5493E900E21458 /* AppColors.swift */ = {isa = PBXFileReference; lastKnownFileType = sourcecode.swift; path = AppColors.swift; sourceTree = "<group>"; };
		0AFE73632A54996600E21458 /* SettingsTableViewCell.swift */ = {isa = PBXFileReference; lastKnownFileType = sourcecode.swift; path = SettingsTableViewCell.swift; sourceTree = "<group>"; };
		0AFE736A2A55DFC300E21458 /* UserAdditionalInfoViewController.swift */ = {isa = PBXFileReference; lastKnownFileType = sourcecode.swift; path = UserAdditionalInfoViewController.swift; sourceTree = "<group>"; };
		0AFE736C2A55DFDA00E21458 /* UserAdditionalInfoViewControllerView.swift */ = {isa = PBXFileReference; lastKnownFileType = sourcecode.swift; path = UserAdditionalInfoViewControllerView.swift; sourceTree = "<group>"; };
		0AFE73702A55E05400E21458 /* UserAdditionalInfoViewModel.swift */ = {isa = PBXFileReference; lastKnownFileType = sourcecode.swift; path = UserAdditionalInfoViewModel.swift; sourceTree = "<group>"; };
		0AFE73732A55E96500E21458 /* HideAuthorizationNavigationResponder.swift */ = {isa = PBXFileReference; lastKnownFileType = sourcecode.swift; path = HideAuthorizationNavigationResponder.swift; sourceTree = "<group>"; };
		0AFE73762A55EF0A00E21458 /* UserCreator.swift */ = {isa = PBXFileReference; lastKnownFileType = sourcecode.swift; path = UserCreator.swift; sourceTree = "<group>"; };
		0AFE73782A55EFB200E21458 /* UserStore.swift */ = {isa = PBXFileReference; lastKnownFileType = sourcecode.swift; path = UserStore.swift; sourceTree = "<group>"; };
		0AFE737A2A55F01F00E21458 /* FirebaseUserStore.swift */ = {isa = PBXFileReference; lastKnownFileType = sourcecode.swift; path = FirebaseUserStore.swift; sourceTree = "<group>"; };
		0AFE737C2A55F1D100E21458 /* FirebaseUserManager.swift */ = {isa = PBXFileReference; lastKnownFileType = sourcecode.swift; path = FirebaseUserManager.swift; sourceTree = "<group>"; };
		0AFF815A2A4B2D68006ACF1F /* AnaliticsViewController.swift */ = {isa = PBXFileReference; lastKnownFileType = sourcecode.swift; path = AnaliticsViewController.swift; sourceTree = "<group>"; };
		0AFF815D2A4B30D0006ACF1F /* SettingsViewController.swift */ = {isa = PBXFileReference; lastKnownFileType = sourcecode.swift; path = SettingsViewController.swift; sourceTree = "<group>"; };
		0AFF815F2A4B3229006ACF1F /* AnaliticsViewControllerView.swift */ = {isa = PBXFileReference; lastKnownFileType = sourcecode.swift; path = AnaliticsViewControllerView.swift; sourceTree = "<group>"; };
		0AFF81622A4B337D006ACF1F /* SettingsViewControllerView.swift */ = {isa = PBXFileReference; lastKnownFileType = sourcecode.swift; path = SettingsViewControllerView.swift; sourceTree = "<group>"; };
		0F33345119FFD057AEE516C1 /* Pods-MyBudget.debug.xcconfig */ = {isa = PBXFileReference; includeInIndex = 1; lastKnownFileType = text.xcconfig; name = "Pods-MyBudget.debug.xcconfig"; path = "Target Support Files/Pods-MyBudget/Pods-MyBudget.debug.xcconfig"; sourceTree = "<group>"; };
		5120690D59960FE9B649BE48 /* Pods-MyBudget.release.xcconfig */ = {isa = PBXFileReference; includeInIndex = 1; lastKnownFileType = text.xcconfig; name = "Pods-MyBudget.release.xcconfig"; path = "Target Support Files/Pods-MyBudget/Pods-MyBudget.release.xcconfig"; sourceTree = "<group>"; };
		92C2B0B097A4D0DB65D24E03 /* Pods_MyBudget.framework */ = {isa = PBXFileReference; explicitFileType = wrapper.framework; includeInIndex = 0; path = Pods_MyBudget.framework; sourceTree = BUILT_PRODUCTS_DIR; };
/* End PBXFileReference section */

/* Begin PBXFrameworksBuildPhase section */
		0A1432542A3F50C0007D9509 /* Frameworks */ = {
			isa = PBXFrameworksBuildPhase;
			buildActionMask = 2147483647;
			files = (
				6B71B2AF0256FA9F9F37D883 /* Pods_MyBudget.framework in Frameworks */,
			);
			runOnlyForDeploymentPostprocessing = 0;
		};
/* End PBXFrameworksBuildPhase section */

/* Begin PBXGroup section */
		0A14324E2A3F50C0007D9509 = {
			isa = PBXGroup;
			children = (
				0A1432592A3F50C0007D9509 /* MyBudget */,
				0A1432582A3F50C0007D9509 /* Products */,
				659424A8DC5FBA0947070CFF /* Pods */,
				EE02D5F6E2947507E2CCC669 /* Frameworks */,
			);
			sourceTree = "<group>";
		};
		0A1432582A3F50C0007D9509 /* Products */ = {
			isa = PBXGroup;
			children = (
				0A1432572A3F50C0007D9509 /* MyBudget.app */,
			);
			name = Products;
			sourceTree = "<group>";
		};
		0A1432592A3F50C0007D9509 /* MyBudget */ = {
			isa = PBXGroup;
			children = (
				0A2AFD302A882D8C00D70A02 /* SwitchStateDataSource */,
				0A7C97652A7FAD4B00544576 /* AppColorDataSource */,
				0AF6A3D52A7426FA0083291C /* TransactionWasAddedAnimation */,
				0AB7D0D52A63FA02004A9EF9 /* TransactionDescription */,
				0AB7D0CC2A63F311004A9EF9 /* AccountDescription */,
				0AB7D0C12A62BD4E004A9EF9 /* AddBankAcounts */,
				0AC30BA12A59B18100CA9168 /* Helpers */,
				0AFE73662A55DF7F00E21458 /* UserAdditionalInfo */,
				0AE423DB2A50337E00311943 /* Firebase */,
				0AE423C82A50298300311943 /* Authorization */,
				0A210E682A4F767D00D5B750 /* RealmManager */,
				0A210E632A4F6DB800D5B750 /* Models */,
				0AF74EF22A4847950038D221 /* SharedComponets */,
				0A210E572A4F41E600D5B750 /* Profile */,
				0A475E042A52D2B100B397AC /* EditProfile */,
				0AF74EEC2A4846DB0038D221 /* Settings */,
				0A16DE002A49D67D00604180 /* Analitics */,
				0AF74EE92A4846A80038D221 /* BankAccounts */,
				0AF74EE82A4846840038D221 /* AddTransaction */,
				0AF74EE52A4844A50038D221 /* Extensions */,
				0AF74EDF2A483F530038D221 /* Containers */,
				0AF74EDA2A483BD60038D221 /* Main */,
				0A14325A2A3F50C0007D9509 /* AppDelegate.swift */,
				0A14325C2A3F50C0007D9509 /* SceneDelegate.swift */,
				0A14325E2A3F50C0007D9509 /* ViewController.swift */,
				0A1432602A3F50C0007D9509 /* Main.storyboard */,
				0A1432632A3F50C2007D9509 /* Assets.xcassets */,
				0A1432652A3F50C2007D9509 /* LaunchScreen.storyboard */,
				0A1432682A3F50C2007D9509 /* Info.plist */,
				0A210E552A4F2EB200D5B750 /* GoogleService-Info.plist */,
			);
			path = MyBudget;
			sourceTree = "<group>";
		};
		0A16DDFE2A49D57C00604180 /* UI */ = {
			isa = PBXGroup;
			children = (
				0AFE73602A54993C00E21458 /* Cells */,
				0AFF81612A4B3358006ACF1F /* Views */,
				0AFF815C2A4B30B9006ACF1F /* Controller */,
			);
			path = UI;
			sourceTree = "<group>";
		};
		0A16DE002A49D67D00604180 /* Analitics */ = {
			isa = PBXGroup;
			children = (
				0AC029322A718873000D7698 /* Presentation */,
				0A16DE012A49D69F00604180 /* UI */,
			);
			path = Analitics;
			sourceTree = "<group>";
		};
		0A16DE012A49D69F00604180 /* UI */ = {
			isa = PBXGroup;
			children = (
				0AFF81592A4B2D14006ACF1F /* Views */,
				0AFF81582A4B2CE9006ACF1F /* Controller */,
			);
			path = UI;
			sourceTree = "<group>";
		};
		0A210E572A4F41E600D5B750 /* Profile */ = {
			isa = PBXGroup;
			children = (
				0ABBB33A2A57048B00AD1FA6 /* Presentation */,
				0A210E582A4F41EF00D5B750 /* UI */,
			);
			path = Profile;
			sourceTree = "<group>";
		};
		0A210E582A4F41EF00D5B750 /* UI */ = {
			isa = PBXGroup;
			children = (
				0A210E5A2A4F421000D5B750 /* Views */,
				0A210E592A4F420200D5B750 /* Controller */,
			);
			path = UI;
			sourceTree = "<group>";
		};
		0A210E592A4F420200D5B750 /* Controller */ = {
			isa = PBXGroup;
			children = (
				0A210E5C2A4F423700D5B750 /* ProfileViewController.swift */,
			);
			path = Controller;
			sourceTree = "<group>";
		};
		0A210E5A2A4F421000D5B750 /* Views */ = {
			isa = PBXGroup;
			children = (
				0A210E5E2A4F425D00D5B750 /* ProfileViewControllerView.swift */,
			);
			path = Views;
			sourceTree = "<group>";
		};
		0A210E632A4F6DB800D5B750 /* Models */ = {
			isa = PBXGroup;
			children = (
				0A210E6A2A4F76A900D5B750 /* RealmModels */,
				0A210E692A4F769000D5B750 /* FirebaseModels */,
			);
			path = Models;
			sourceTree = "<group>";
		};
		0A210E682A4F767D00D5B750 /* RealmManager */ = {
			isa = PBXGroup;
			children = (
				0A210E6D2A4F772F00D5B750 /* RealmManager.swift */,
			);
			path = RealmManager;
			sourceTree = "<group>";
		};
		0A210E692A4F769000D5B750 /* FirebaseModels */ = {
			isa = PBXGroup;
			children = (
				0A210E662A4F702000D5B750 /* UserModel.swift */,
			);
			path = FirebaseModels;
			sourceTree = "<group>";
		};
		0A210E6A2A4F76A900D5B750 /* RealmModels */ = {
			isa = PBXGroup;
			children = (
				0A210E6F2A4F77A000D5B750 /* UserModelRealm.swift */,
			);
			path = RealmModels;
			sourceTree = "<group>";
		};
		0A210E712A4F87E100D5B750 /* Cells */ = {
			isa = PBXGroup;
			children = (
				0A210E722A4F880000D5B750 /* BankAccountsTableViewCell.swift */,
			);
			path = Cells;
			sourceTree = "<group>";
		};
		0A2AFD302A882D8C00D70A02 /* SwitchStateDataSource */ = {
			isa = PBXGroup;
			children = (
				0A2AFD312A882DCB00D70A02 /* Implementation */,
				0A2AFD342A882E3000D70A02 /* Protocols */,
			);
			path = SwitchStateDataSource;
			sourceTree = "<group>";
		};
		0A2AFD312A882DCB00D70A02 /* Implementation */ = {
			isa = PBXGroup;
			children = (
				0A2AFD322A882E0700D70A02 /* UserDefaultDarkModeStateDataSource.swift */,
			);
			path = Implementation;
			sourceTree = "<group>";
		};
		0A2AFD342A882E3000D70A02 /* Protocols */ = {
			isa = PBXGroup;
			children = (
				0A2AFD352A882E4B00D70A02 /* DarkModeSetter.swift */,
				0A2AFD372A882E6300D70A02 /* DarkModeGetter.swift */,
			);
			path = Protocols;
			sourceTree = "<group>";
		};
		0A475E042A52D2B100B397AC /* EditProfile */ = {
			isa = PBXGroup;
			children = (
				0A475E052A52D2E700B397AC /* UI */,
			);
			path = EditProfile;
			sourceTree = "<group>";
		};
		0A475E052A52D2E700B397AC /* UI */ = {
			isa = PBXGroup;
			children = (
				0A475E062A52D2F200B397AC /* Views */,
				0A475E072A52D2F800B397AC /* Controller */,
			);
			path = UI;
			sourceTree = "<group>";
		};
		0A475E062A52D2F200B397AC /* Views */ = {
			isa = PBXGroup;
			children = (
				0A475E0A2A52D32B00B397AC /* EditProfileViewConttrollerView.swift */,
			);
			path = Views;
			sourceTree = "<group>";
		};
		0A475E072A52D2F800B397AC /* Controller */ = {
			isa = PBXGroup;
			children = (
				0A475E082A52D31100B397AC /* EditProfileViewController.swift */,
			);
			path = Controller;
			sourceTree = "<group>";
		};
		0A629C0E2A81633D00FD2464 /* Responders */ = {
			isa = PBXGroup;
			children = (
				0A629C0F2A81636200FD2464 /* ShowUserAditionalInfoNavigationResponder.swift */,
				0A629C112A81639C00FD2464 /* HideUserAdditionalInfoNavigationResponder.swift */,
			);
			path = Responders;
			sourceTree = "<group>";
		};
		0A77FF402A5EDA13005D1615 /* UIButton */ = {
			isa = PBXGroup;
			children = (
				0A77FF412A5EDA1E005D1615 /* KeyBoardButton */,
				0A34DA3E2A6006F600461D45 /* UIButton+Target.swift */,
			);
			path = UIButton;
			sourceTree = "<group>";
		};
		0A77FF412A5EDA1E005D1615 /* KeyBoardButton */ = {
			isa = PBXGroup;
			children = (
				0A77FF422A5EDA41005D1615 /* KeyBoardButton.swift */,
			);
			path = KeyBoardButton;
			sourceTree = "<group>";
		};
		0A7C97652A7FAD4B00544576 /* AppColorDataSource */ = {
			isa = PBXGroup;
			children = (
				0A7C976B2A7FADEF00544576 /* Implementation */,
				0A7C97662A7FAD6500544576 /* Protocols */,
			);
			path = AppColorDataSource;
			sourceTree = "<group>";
		};
		0A7C97662A7FAD6500544576 /* Protocols */ = {
			isa = PBXGroup;
			children = (
				0A7C97672A7FAD8800544576 /* AppColorGetter.swift */,
				0A7C97692A7FAD9800544576 /* AppColorSetter.swift */,
			);
			path = Protocols;
			sourceTree = "<group>";
		};
		0A7C976B2A7FADEF00544576 /* Implementation */ = {
			isa = PBXGroup;
			children = (
				0A7C976C2A7FAE1000544576 /* UserDefaultAppColorDataSource.swift */,
			);
			path = Implementation;
			sourceTree = "<group>";
		};
		0AA725CA2A65370B00B408C4 /* Cells */ = {
			isa = PBXGroup;
			children = (
				0AA725CB2A65372A00B408C4 /* AccountDescriptionTableViewCell.swift */,
			);
			path = Cells;
			sourceTree = "<group>";
		};
		0AA725CD2A656B4900B408C4 /* Cells */ = {
			isa = PBXGroup;
			children = (
				0AA725CE2A656B7300B408C4 /* TransactionCategoryCollectionViewCell.swift */,
				0AA725D02A65885100B408C4 /* BankAccountsCollectionViewCell.swift */,
			);
			path = Cells;
			sourceTree = "<group>";
		};
		0AB7D09F2A628571004A9EF9 /* Protocols */ = {
			isa = PBXGroup;
			children = (
				0AB7D0A02A6285A5004A9EF9 /* ConfigurableView.swift */,
				0AB7D0A22A62862E004A9EF9 /* KeyBoardDelegate.swift */,
				0AB7D0A42A628AFF004A9EF9 /* CalculatorWork.swift */,
				0AB7D0A62A628B49004A9EF9 /* DisplayManager.swift */,
			);
			path = Protocols;
			sourceTree = "<group>";
		};
		0AB7D0A82A628BAA004A9EF9 /* Formatter */ = {
			isa = PBXGroup;
			children = (
				0AB7D0A92A628BC5004A9EF9 /* Formatter.swift */,
			);
			path = Formatter;
			sourceTree = "<group>";
		};
		0AB7D0AB2A628F62004A9EF9 /* String */ = {
			isa = PBXGroup;
			children = (
				0AB7D0AC2A628F80004A9EF9 /* String+Converter.swift */,
			);
			path = String;
			sourceTree = "<group>";
		};
		0AB7D0AE2A629ADC004A9EF9 /* AppFonts */ = {
			isa = PBXGroup;
			children = (
				0AB7D0AF2A629AEC004A9EF9 /* AppFonts.swift */,
			);
			path = AppFonts;
			sourceTree = "<group>";
		};
		0AB7D0B12A62B0F6004A9EF9 /* Models */ = {
			isa = PBXGroup;
			children = (
				0AB7D0B22A62B10C004A9EF9 /* BankAccountRealm.swift */,
				0AB7D0B72A62B2FE004A9EF9 /* BankAccount.swift */,
			);
			path = Models;
			sourceTree = "<group>";
		};
		0AB7D0B42A62B1E2004A9EF9 /* Protocols */ = {
			isa = PBXGroup;
			children = (
				0AB7D0B52A62B1FB004A9EF9 /* BankAccountCreator.swift */,
				0AB7D0BC2A62B5E1004A9EF9 /* BankAccountGetter.swift */,
				0AF382C62A66D4F100992B35 /* BankAccountDeleter.swift */,
			);
			path = Protocols;
			sourceTree = "<group>";
		};
		0AB7D0B92A62B3D4004A9EF9 /* Implementation */ = {
			isa = PBXGroup;
			children = (
				0AB7D0BA2A62B425004A9EF9 /* BankAccountRealmManager.swift */,
			);
			path = Implementation;
			sourceTree = "<group>";
		};
		0AB7D0BE2A62B770004A9EF9 /* Presentation */ = {
			isa = PBXGroup;
			children = (
				0AB7D0BF2A62B780004A9EF9 /* BankAccountViewModel.swift */,
			);
			path = Presentation;
			sourceTree = "<group>";
		};
		0AB7D0C12A62BD4E004A9EF9 /* AddBankAcounts */ = {
			isa = PBXGroup;
			children = (
				0AB7D0C92A62BE23004A9EF9 /* Presentations */,
				0AB7D0C22A62BD67004A9EF9 /* UI */,
			);
			path = AddBankAcounts;
			sourceTree = "<group>";
		};
		0AB7D0C22A62BD67004A9EF9 /* UI */ = {
			isa = PBXGroup;
			children = (
				0AB7D0C32A62BD7B004A9EF9 /* Views */,
				0AB7D0C42A62BD81004A9EF9 /* Controller */,
			);
			path = UI;
			sourceTree = "<group>";
		};
		0AB7D0C32A62BD7B004A9EF9 /* Views */ = {
			isa = PBXGroup;
			children = (
				0AB7D0C72A62BDC3004A9EF9 /* AddBankAccountViewControllerView.swift */,
			);
			path = Views;
			sourceTree = "<group>";
		};
		0AB7D0C42A62BD81004A9EF9 /* Controller */ = {
			isa = PBXGroup;
			children = (
				0AB7D0C52A62BDB2004A9EF9 /* AddBankAccountViewController.swift */,
			);
			path = Controller;
			sourceTree = "<group>";
		};
		0AB7D0C92A62BE23004A9EF9 /* Presentations */ = {
			isa = PBXGroup;
			children = (
				0AB7D0CA2A62BE3C004A9EF9 /* AddBankAccountViewModel.swift */,
			);
			path = Presentations;
			sourceTree = "<group>";
		};
		0AB7D0CC2A63F311004A9EF9 /* AccountDescription */ = {
			isa = PBXGroup;
			children = (
				0AA725CA2A65370B00B408C4 /* Cells */,
				0AB7D0EE2A640A8F004A9EF9 /* Presentation */,
				0AB7D0CD2A63F337004A9EF9 /* UI */,
			);
			path = AccountDescription;
			sourceTree = "<group>";
		};
		0AB7D0CD2A63F337004A9EF9 /* UI */ = {
			isa = PBXGroup;
			children = (
				0AB7D0CE2A63F33C004A9EF9 /* Views */,
				0AB7D0CF2A63F342004A9EF9 /* Controller */,
			);
			path = UI;
			sourceTree = "<group>";
		};
		0AB7D0CE2A63F33C004A9EF9 /* Views */ = {
			isa = PBXGroup;
			children = (
				0AB7D0D22A63F369004A9EF9 /* AccountDescriptionViewControllerView.swift */,
			);
			path = Views;
			sourceTree = "<group>";
		};
		0AB7D0CF2A63F342004A9EF9 /* Controller */ = {
			isa = PBXGroup;
			children = (
				0AB7D0D02A63F35A004A9EF9 /* AccountDescriptionViewController.swift */,
			);
			path = Controller;
			sourceTree = "<group>";
		};
		0AB7D0D52A63FA02004A9EF9 /* TransactionDescription */ = {
			isa = PBXGroup;
			children = (
				0AA725CD2A656B4900B408C4 /* Cells */,
				0AB7D0EB2A6400A9004A9EF9 /* Implementation */,
				0AB7D0E22A63FD6C004A9EF9 /* Models */,
				0AB7D0E12A63FD60004A9EF9 /* Protocols */,
				0AB7D0D92A63FA5C004A9EF9 /* Presentation */,
				0AB7D0D62A63FA4B004A9EF9 /* UI */,
			);
			path = TransactionDescription;
			sourceTree = "<group>";
		};
		0AB7D0D62A63FA4B004A9EF9 /* UI */ = {
			isa = PBXGroup;
			children = (
				0AB7D0D82A63FA54004A9EF9 /* Controller */,
				0AB7D0D72A63FA4F004A9EF9 /* VIews */,
			);
			path = UI;
			sourceTree = "<group>";
		};
		0AB7D0D72A63FA4F004A9EF9 /* VIews */ = {
			isa = PBXGroup;
			children = (
				0AB7D0DE2A63FA96004A9EF9 /* TransactionDescriptionViewControllerView.swift */,
			);
			path = VIews;
			sourceTree = "<group>";
		};
		0AB7D0D82A63FA54004A9EF9 /* Controller */ = {
			isa = PBXGroup;
			children = (
				0AB7D0DC2A63FA87004A9EF9 /* TransactionDescriptionViewController.swift */,
			);
			path = Controller;
			sourceTree = "<group>";
		};
		0AB7D0D92A63FA5C004A9EF9 /* Presentation */ = {
			isa = PBXGroup;
			children = (
				0AB7D0DA2A63FA7B004A9EF9 /* TransactionDescriptionViewModel.swift */,
			);
			path = Presentation;
			sourceTree = "<group>";
		};
		0AB7D0E12A63FD60004A9EF9 /* Protocols */ = {
			isa = PBXGroup;
			children = (
				0AB7D0E72A63FF85004A9EF9 /* TransactionCreator.swift */,
				0AB7D0E92A63FFF8004A9EF9 /* TransactionGetter.swift */,
				0AF6A3D32A7406CB0083291C /* TransactionDeleter.swift */,
			);
			path = Protocols;
			sourceTree = "<group>";
		};
		0AB7D0E22A63FD6C004A9EF9 /* Models */ = {
			isa = PBXGroup;
			children = (
				0AB7D0E32A63FD85004A9EF9 /* TransactionDescription.swift */,
				0AB7D0E52A63FE43004A9EF9 /* TransactionDescriptionRealm.swift */,
			);
			path = Models;
			sourceTree = "<group>";
		};
		0AB7D0EB2A6400A9004A9EF9 /* Implementation */ = {
			isa = PBXGroup;
			children = (
				0AB7D0EC2A640116004A9EF9 /* TransactionRealmManager.swift */,
			);
			path = Implementation;
			sourceTree = "<group>";
		};
		0AB7D0EE2A640A8F004A9EF9 /* Presentation */ = {
			isa = PBXGroup;
			children = (
				0AB7D0EF2A640AA3004A9EF9 /* AccountDescriptionViewModel.swift */,
			);
			path = Presentation;
			sourceTree = "<group>";
		};
		0ABBB33A2A57048B00AD1FA6 /* Presentation */ = {
			isa = PBXGroup;
			children = (
				0ABBB33B2A5704A700AD1FA6 /* ProfileViewModel.swift */,
			);
			path = Presentation;
			sourceTree = "<group>";
		};
		0AC029322A718873000D7698 /* Presentation */ = {
			isa = PBXGroup;
			children = (
				0AC029332A71889E000D7698 /* AnaliticsViewModel.swift */,
			);
			path = Presentation;
			sourceTree = "<group>";
		};
		0AC30BA12A59B18100CA9168 /* Helpers */ = {
			isa = PBXGroup;
			children = (
				0AC30BA22A59B19B00CA9168 /* ImagePicker.swift */,
				0AC30BA42A59B1A700CA9168 /* BlockTap.swift */,
			);
			path = Helpers;
			sourceTree = "<group>";
		};
		0AC4DD702A87A8FD00DDD51D /* EnumSettings */ = {
			isa = PBXGroup;
			children = (
				0AC4DD712A87A93800DDD51D /* EnumSettings.swift */,
			);
			path = EnumSettings;
			sourceTree = "<group>";
		};
		0AE28BCF2A88E4EC003888E1 /* Presentation */ = {
			isa = PBXGroup;
			children = (
				0AE28BD02A88E504003888E1 /* SettingsViewModel.swift */,
			);
			path = Presentation;
			sourceTree = "<group>";
		};
		0AE423C82A50298300311943 /* Authorization */ = {
			isa = PBXGroup;
			children = (
				0AFE73722A55E93700E21458 /* Responders */,
				0AE423D82A50307100311943 /* Implementation */,
				0AE423D32A502D7000311943 /* Protocols */,
				0AE423D02A502A8300311943 /* Presentation */,
				0AE423C92A5029FA00311943 /* UI */,
			);
			path = Authorization;
			sourceTree = "<group>";
		};
		0AE423C92A5029FA00311943 /* UI */ = {
			isa = PBXGroup;
			children = (
				0AE423CB2A502A0900311943 /* Views */,
				0AE423CA2A502A0200311943 /* Controller */,
			);
			path = UI;
			sourceTree = "<group>";
		};
		0AE423CA2A502A0200311943 /* Controller */ = {
			isa = PBXGroup;
			children = (
				0AE423CC2A502A3A00311943 /* AuthorizationViewController.swift */,
			);
			path = Controller;
			sourceTree = "<group>";
		};
		0AE423CB2A502A0900311943 /* Views */ = {
			isa = PBXGroup;
			children = (
				0AE423CE2A502A6000311943 /* AuthorizationViewControllerView.swift */,
			);
			path = Views;
			sourceTree = "<group>";
		};
		0AE423D02A502A8300311943 /* Presentation */ = {
			isa = PBXGroup;
			children = (
				0AE423D12A502A9C00311943 /* AuthorizationViewModel.swift */,
			);
			path = Presentation;
			sourceTree = "<group>";
		};
		0AE423D32A502D7000311943 /* Protocols */ = {
			isa = PBXGroup;
			children = (
				0AE423D42A502D8A00311943 /* AuthorizationManager.swift */,
				0AE423D62A502EEE00311943 /* GoogleAuthorizationClient.swift */,
				0AFE73762A55EF0A00E21458 /* UserCreator.swift */,
				0AFE73782A55EFB200E21458 /* UserStore.swift */,
				0ABBB3382A56C6B100AD1FA6 /* UserSignOut.swift */,
			);
			path = Protocols;
			sourceTree = "<group>";
		};
		0AE423D82A50307100311943 /* Implementation */ = {
			isa = PBXGroup;
			children = (
				0AE423D92A50308C00311943 /* MyBudgetGoogleAuthorizationClient.swift */,
				0AFE737A2A55F01F00E21458 /* FirebaseUserStore.swift */,
				0AFE737C2A55F1D100E21458 /* FirebaseUserManager.swift */,
			);
			path = Implementation;
			sourceTree = "<group>";
		};
		0AE423DB2A50337E00311943 /* Firebase */ = {
			isa = PBXGroup;
			children = (
				0AE423DC2A50339400311943 /* Authorization */,
			);
			path = Firebase;
			sourceTree = "<group>";
		};
		0AE423DC2A50339400311943 /* Authorization */ = {
			isa = PBXGroup;
			children = (
				0AE423DD2A5033C600311943 /* FirebaseAuthorizationManager.swift */,
			);
			path = Authorization;
			sourceTree = "<group>";
		};
		0AF6A3D52A7426FA0083291C /* TransactionWasAddedAnimation */ = {
			isa = PBXGroup;
			children = (
				0AF6A3DF2A7428D70083291C /* Responders */,
				0AF6A3D62A7427200083291C /* UI */,
			);
			path = TransactionWasAddedAnimation;
			sourceTree = "<group>";
		};
		0AF6A3D62A7427200083291C /* UI */ = {
			isa = PBXGroup;
			children = (
				0AF6A3D82A7427300083291C /* Views */,
				0AF6A3D72A74272B0083291C /* Controller */,
			);
			path = UI;
			sourceTree = "<group>";
		};
		0AF6A3D72A74272B0083291C /* Controller */ = {
			isa = PBXGroup;
			children = (
				0AF6A3DD2A74277A0083291C /* TransactionWasAddedAnimationViewController.swift */,
			);
			path = Controller;
			sourceTree = "<group>";
		};
		0AF6A3D82A7427300083291C /* Views */ = {
			isa = PBXGroup;
			children = (
				0AF6A3DB2A7427660083291C /* TransactionWasAddedAnimationViewControllerView.swift */,
			);
			path = Views;
			sourceTree = "<group>";
		};
		0AF6A3DF2A7428D70083291C /* Responders */ = {
			isa = PBXGroup;
			children = (
				0AF6A3E02A7428EE0083291C /* TransactionWasAddedNavigationResponder.swift */,
			);
			path = Responders;
			sourceTree = "<group>";
		};
		0AF74EDA2A483BD60038D221 /* Main */ = {
			isa = PBXGroup;
			children = (
				0AF74EDB2A483BEA0038D221 /* MainViewController.swift */,
				0AF74EDD2A483C670038D221 /* MainViewModel.swift */,
			);
			path = Main;
			sourceTree = "<group>";
		};
		0AF74EDF2A483F530038D221 /* Containers */ = {
			isa = PBXGroup;
			children = (
				0AF74EE02A483F7D0038D221 /* MyBudgetDependencyContainer.swift */,
				0AF74EE32A4842070038D221 /* MyBudgetTabBarDependecyContainer.swift */,
			);
			path = Containers;
			sourceTree = "<group>";
		};
		0AF74EE52A4844A50038D221 /* Extensions */ = {
			isa = PBXGroup;
			children = (
				0AB7D0AB2A628F62004A9EF9 /* String */,
				0AB7D0A82A628BAA004A9EF9 /* Formatter */,
				0A77FF402A5EDA13005D1615 /* UIButton */,
				0AF74EE62A4844C40038D221 /* UiViewController + Extensions.swift */,
				0AC30BA62A59B88B00CA9168 /* UIImage+Extension.swift */,
				0A77FF3E2A5ED4CC005D1615 /* UIStackView+MyStyle .swift */,
			);
			path = Extensions;
			sourceTree = "<group>";
		};
		0AF74EE82A4846840038D221 /* AddTransaction */ = {
			isa = PBXGroup;
			children = (
				0AB7D09F2A628571004A9EF9 /* Protocols */,
				0AF74EED2A4846FC0038D221 /* UI */,
			);
			path = AddTransaction;
			sourceTree = "<group>";
		};
		0AF74EE92A4846A80038D221 /* BankAccounts */ = {
			isa = PBXGroup;
			children = (
				0AB7D0BE2A62B770004A9EF9 /* Presentation */,
				0AB7D0B92A62B3D4004A9EF9 /* Implementation */,
				0AB7D0B42A62B1E2004A9EF9 /* Protocols */,
				0AB7D0B12A62B0F6004A9EF9 /* Models */,
				0AF74EFB2A4849290038D221 /* UI */,
			);
			path = BankAccounts;
			sourceTree = "<group>";
		};
		0AF74EEC2A4846DB0038D221 /* Settings */ = {
			isa = PBXGroup;
			children = (
				0AE28BCF2A88E4EC003888E1 /* Presentation */,
				0AC4DD702A87A8FD00DDD51D /* EnumSettings */,
				0A16DDFE2A49D57C00604180 /* UI */,
			);
			path = Settings;
			sourceTree = "<group>";
		};
		0AF74EED2A4846FC0038D221 /* UI */ = {
			isa = PBXGroup;
			children = (
				0AF74EEF2A48471E0038D221 /* Views */,
				0AF74EEE2A4847080038D221 /* Controller */,
			);
			path = UI;
			sourceTree = "<group>";
		};
		0AF74EEE2A4847080038D221 /* Controller */ = {
			isa = PBXGroup;
			children = (
				0AF74EF02A48473F0038D221 /* AddTransactionViewController.swift */,
			);
			path = Controller;
			sourceTree = "<group>";
		};
		0AF74EEF2A48471E0038D221 /* Views */ = {
			isa = PBXGroup;
			children = (
				0AF74EF82A48486D0038D221 /* AddTransactionViewControllerView.swift */,
				0A77FF3C2A5ED302005D1615 /* AddTransactionViewControllerKeyBoardView.swift */,
			);
			path = Views;
			sourceTree = "<group>";
		};
		0AF74EF22A4847950038D221 /* SharedComponets */ = {
			isa = PBXGroup;
			children = (
				0AB7D0AE2A629ADC004A9EF9 /* AppFonts */,
				0AFE735D2A5493C400E21458 /* AppColors */,
				0AF74EF32A4847A90038D221 /* Nibless */,
			);
			path = SharedComponets;
			sourceTree = "<group>";
		};
		0AF74EF32A4847A90038D221 /* Nibless */ = {
			isa = PBXGroup;
			children = (
				0AF74EF42A4847BF0038D221 /* NiblessViewController.swift */,
				0AF74EF62A4847DD0038D221 /* NiblessView.swift */,
			);
			path = Nibless;
			sourceTree = "<group>";
		};
		0AF74EFB2A4849290038D221 /* UI */ = {
			isa = PBXGroup;
			children = (
				0A210E712A4F87E100D5B750 /* Cells */,
				0AF74EFD2A4849350038D221 /* Views */,
				0AF74EFC2A4849300038D221 /* Controller */,
			);
			path = UI;
			sourceTree = "<group>";
		};
		0AF74EFC2A4849300038D221 /* Controller */ = {
			isa = PBXGroup;
			children = (
				0AF74EFF2A4849500038D221 /* BankAccountsViewController.swift */,
			);
			path = Controller;
			sourceTree = "<group>";
		};
		0AF74EFD2A4849350038D221 /* Views */ = {
			isa = PBXGroup;
			children = (
				0AF74F012A4849620038D221 /* BankAccountsViewControllerView.swift */,
				0AF74F032A484F470038D221 /* BankAccountsTotalBalanceView.swift */,
			);
			path = Views;
			sourceTree = "<group>";
		};
		0AFE735D2A5493C400E21458 /* AppColors */ = {
			isa = PBXGroup;
			children = (
				0AFE735E2A5493E900E21458 /* AppColors.swift */,
			);
			path = AppColors;
			sourceTree = "<group>";
		};
		0AFE73602A54993C00E21458 /* Cells */ = {
			isa = PBXGroup;
			children = (
				0AFE73632A54996600E21458 /* SettingsTableViewCell.swift */,
				0AC4DD752A87BC9500DDD51D /* SettingsTableViewCellValue.swift */,
			);
			path = Cells;
			sourceTree = "<group>";
		};
		0AFE73662A55DF7F00E21458 /* UserAdditionalInfo */ = {
			isa = PBXGroup;
			children = (
				0A629C0E2A81633D00FD2464 /* Responders */,
				0AFE736F2A55E03D00E21458 /* Presentation */,
				0AFE73672A55DFA100E21458 /* UI */,
			);
			path = UserAdditionalInfo;
			sourceTree = "<group>";
		};
		0AFE73672A55DFA100E21458 /* UI */ = {
			isa = PBXGroup;
			children = (
				0AFE73692A55DFAC00E21458 /* Controller */,
				0AFE73682A55DFA600E21458 /* Views */,
			);
			path = UI;
			sourceTree = "<group>";
		};
		0AFE73682A55DFA600E21458 /* Views */ = {
			isa = PBXGroup;
			children = (
				0AFE736C2A55DFDA00E21458 /* UserAdditionalInfoViewControllerView.swift */,
			);
			path = Views;
			sourceTree = "<group>";
		};
		0AFE73692A55DFAC00E21458 /* Controller */ = {
			isa = PBXGroup;
			children = (
				0AFE736A2A55DFC300E21458 /* UserAdditionalInfoViewController.swift */,
			);
			path = Controller;
			sourceTree = "<group>";
		};
		0AFE736F2A55E03D00E21458 /* Presentation */ = {
			isa = PBXGroup;
			children = (
				0AFE73702A55E05400E21458 /* UserAdditionalInfoViewModel.swift */,
			);
			path = Presentation;
			sourceTree = "<group>";
		};
		0AFE73722A55E93700E21458 /* Responders */ = {
			isa = PBXGroup;
			children = (
				0AFE73732A55E96500E21458 /* HideAuthorizationNavigationResponder.swift */,
				0A629C0C2A81611400FD2464 /* SignOutNavigationResponder.swift */,
			);
			path = Responders;
			sourceTree = "<group>";
		};
		0AFF81582A4B2CE9006ACF1F /* Controller */ = {
			isa = PBXGroup;
			children = (
				0AFF815A2A4B2D68006ACF1F /* AnaliticsViewController.swift */,
			);
			path = Controller;
			sourceTree = "<group>";
		};
		0AFF81592A4B2D14006ACF1F /* Views */ = {
			isa = PBXGroup;
			children = (
				0AFF815F2A4B3229006ACF1F /* AnaliticsViewControllerView.swift */,
			);
			path = Views;
			sourceTree = "<group>";
		};
		0AFF815C2A4B30B9006ACF1F /* Controller */ = {
			isa = PBXGroup;
			children = (
				0AFF815D2A4B30D0006ACF1F /* SettingsViewController.swift */,
			);
			path = Controller;
			sourceTree = "<group>";
		};
		0AFF81612A4B3358006ACF1F /* Views */ = {
			isa = PBXGroup;
			children = (
				0AFF81622A4B337D006ACF1F /* SettingsViewControllerView.swift */,
				0AC4DD732A87AA6D00DDD51D /* SettingsViewControllerTableViewHeaderView.swift */,
			);
			path = Views;
			sourceTree = "<group>";
		};
		659424A8DC5FBA0947070CFF /* Pods */ = {
			isa = PBXGroup;
			children = (
				0F33345119FFD057AEE516C1 /* Pods-MyBudget.debug.xcconfig */,
				5120690D59960FE9B649BE48 /* Pods-MyBudget.release.xcconfig */,
			);
			path = Pods;
			sourceTree = "<group>";
		};
		EE02D5F6E2947507E2CCC669 /* Frameworks */ = {
			isa = PBXGroup;
			children = (
				92C2B0B097A4D0DB65D24E03 /* Pods_MyBudget.framework */,
			);
			name = Frameworks;
			sourceTree = "<group>";
		};
/* End PBXGroup section */

/* Begin PBXNativeTarget section */
		0A1432562A3F50C0007D9509 /* MyBudget */ = {
			isa = PBXNativeTarget;
			buildConfigurationList = 0A14326B2A3F50C2007D9509 /* Build configuration list for PBXNativeTarget "MyBudget" */;
			buildPhases = (
				DBDC3AA5451CB6E98F293B00 /* [CP] Check Pods Manifest.lock */,
				0A1432532A3F50C0007D9509 /* Sources */,
				0A1432542A3F50C0007D9509 /* Frameworks */,
				0A1432552A3F50C0007D9509 /* Resources */,
				72508FE60128D4E878EDEF23 /* [CP] Embed Pods Frameworks */,
			);
			buildRules = (
			);
			dependencies = (
			);
			name = MyBudget;
			productName = MyBudget;
			productReference = 0A1432572A3F50C0007D9509 /* MyBudget.app */;
			productType = "com.apple.product-type.application";
		};
/* End PBXNativeTarget section */

/* Begin PBXProject section */
		0A14324F2A3F50C0007D9509 /* Project object */ = {
			isa = PBXProject;
			attributes = {
				BuildIndependentTargetsInParallel = 1;
				LastSwiftUpdateCheck = 1430;
				LastUpgradeCheck = 1430;
				TargetAttributes = {
					0A1432562A3F50C0007D9509 = {
						CreatedOnToolsVersion = 14.3;
					};
				};
			};
			buildConfigurationList = 0A1432522A3F50C0007D9509 /* Build configuration list for PBXProject "MyBudget" */;
			compatibilityVersion = "Xcode 14.0";
			developmentRegion = en;
			hasScannedForEncodings = 0;
			knownRegions = (
				en,
				Base,
			);
			mainGroup = 0A14324E2A3F50C0007D9509;
			productRefGroup = 0A1432582A3F50C0007D9509 /* Products */;
			projectDirPath = "";
			projectRoot = "";
			targets = (
				0A1432562A3F50C0007D9509 /* MyBudget */,
			);
		};
/* End PBXProject section */

/* Begin PBXResourcesBuildPhase section */
		0A1432552A3F50C0007D9509 /* Resources */ = {
			isa = PBXResourcesBuildPhase;
			buildActionMask = 2147483647;
			files = (
				0A1432672A3F50C2007D9509 /* LaunchScreen.storyboard in Resources */,
				0A210E562A4F2EB200D5B750 /* GoogleService-Info.plist in Resources */,
				0A1432642A3F50C2007D9509 /* Assets.xcassets in Resources */,
				0A1432622A3F50C0007D9509 /* Main.storyboard in Resources */,
			);
			runOnlyForDeploymentPostprocessing = 0;
		};
/* End PBXResourcesBuildPhase section */

/* Begin PBXShellScriptBuildPhase section */
		72508FE60128D4E878EDEF23 /* [CP] Embed Pods Frameworks */ = {
			isa = PBXShellScriptBuildPhase;
			buildActionMask = 2147483647;
			files = (
			);
			inputFileListPaths = (
				"${PODS_ROOT}/Target Support Files/Pods-MyBudget/Pods-MyBudget-frameworks-${CONFIGURATION}-input-files.xcfilelist",
			);
			name = "[CP] Embed Pods Frameworks";
			outputFileListPaths = (
				"${PODS_ROOT}/Target Support Files/Pods-MyBudget/Pods-MyBudget-frameworks-${CONFIGURATION}-output-files.xcfilelist",
			);
			runOnlyForDeploymentPostprocessing = 0;
			shellPath = /bin/sh;
			shellScript = "\"${PODS_ROOT}/Target Support Files/Pods-MyBudget/Pods-MyBudget-frameworks.sh\"\n";
			showEnvVarsInLog = 0;
		};
		DBDC3AA5451CB6E98F293B00 /* [CP] Check Pods Manifest.lock */ = {
			isa = PBXShellScriptBuildPhase;
			buildActionMask = 2147483647;
			files = (
			);
			inputFileListPaths = (
			);
			inputPaths = (
				"${PODS_PODFILE_DIR_PATH}/Podfile.lock",
				"${PODS_ROOT}/Manifest.lock",
			);
			name = "[CP] Check Pods Manifest.lock";
			outputFileListPaths = (
			);
			outputPaths = (
				"$(DERIVED_FILE_DIR)/Pods-MyBudget-checkManifestLockResult.txt",
			);
			runOnlyForDeploymentPostprocessing = 0;
			shellPath = /bin/sh;
			shellScript = "diff \"${PODS_PODFILE_DIR_PATH}/Podfile.lock\" \"${PODS_ROOT}/Manifest.lock\" > /dev/null\nif [ $? != 0 ] ; then\n    # print error to STDERR\n    echo \"error: The sandbox is not in sync with the Podfile.lock. Run 'pod install' or update your CocoaPods installation.\" >&2\n    exit 1\nfi\n# This output is used by Xcode 'outputs' to avoid re-running this script phase.\necho \"SUCCESS\" > \"${SCRIPT_OUTPUT_FILE_0}\"\n";
			showEnvVarsInLog = 0;
		};
/* End PBXShellScriptBuildPhase section */

/* Begin PBXSourcesBuildPhase section */
		0A1432532A3F50C0007D9509 /* Sources */ = {
			isa = PBXSourcesBuildPhase;
			buildActionMask = 2147483647;
			files = (
				0AE423CD2A502A3A00311943 /* AuthorizationViewController.swift in Sources */,
				0AF74EDE2A483C670038D221 /* MainViewModel.swift in Sources */,
				0AF74F022A4849620038D221 /* BankAccountsViewControllerView.swift in Sources */,
				0AE423CF2A502A6000311943 /* AuthorizationViewControllerView.swift in Sources */,
				0ABBB3392A56C6B100AD1FA6 /* UserSignOut.swift in Sources */,
				0A210E5D2A4F423700D5B750 /* ProfileViewController.swift in Sources */,
				0AB7D0DD2A63FA87004A9EF9 /* TransactionDescriptionViewController.swift in Sources */,
				0AFF81602A4B3229006ACF1F /* AnaliticsViewControllerView.swift in Sources */,
				0AFE736D2A55DFDA00E21458 /* UserAdditionalInfoViewControllerView.swift in Sources */,
				0AB7D0D32A63F369004A9EF9 /* AccountDescriptionViewControllerView.swift in Sources */,
				0AFE736B2A55DFC300E21458 /* UserAdditionalInfoViewController.swift in Sources */,
				0A77FF3D2A5ED302005D1615 /* AddTransactionViewControllerKeyBoardView.swift in Sources */,
				0AF74EE12A483F7D0038D221 /* MyBudgetDependencyContainer.swift in Sources */,
				0AFE73642A54996600E21458 /* SettingsTableViewCell.swift in Sources */,
				0AF74F002A4849500038D221 /* BankAccountsViewController.swift in Sources */,
				0AFE73712A55E05400E21458 /* UserAdditionalInfoViewModel.swift in Sources */,
				0AB7D0AD2A628F80004A9EF9 /* String+Converter.swift in Sources */,
				0AFE735F2A5493E900E21458 /* AppColors.swift in Sources */,
				0AB7D0DF2A63FA96004A9EF9 /* TransactionDescriptionViewControllerView.swift in Sources */,
				0AB7D0AA2A628BC5004A9EF9 /* Formatter.swift in Sources */,
				0AC4DD742A87AA6D00DDD51D /* SettingsViewControllerTableViewHeaderView.swift in Sources */,
				0AF74EF92A48486D0038D221 /* AddTransactionViewControllerView.swift in Sources */,
				0AB7D0C02A62B780004A9EF9 /* BankAccountViewModel.swift in Sources */,
				0A475E092A52D31100B397AC /* EditProfileViewController.swift in Sources */,
				0A77FF3F2A5ED4CC005D1615 /* UIStackView+MyStyle .swift in Sources */,
				0AC30BA72A59B88B00CA9168 /* UIImage+Extension.swift in Sources */,
				0AE423DE2A5033C600311943 /* FirebaseAuthorizationManager.swift in Sources */,
				0A210E702A4F77A100D5B750 /* UserModelRealm.swift in Sources */,
				0A210E5F2A4F425D00D5B750 /* ProfileViewControllerView.swift in Sources */,
				0AB7D0B32A62B10C004A9EF9 /* BankAccountRealm.swift in Sources */,
				0AB7D0F02A640AA3004A9EF9 /* AccountDescriptionViewModel.swift in Sources */,
				0A77FF432A5EDA41005D1615 /* KeyBoardButton.swift in Sources */,
				0AF74EF72A4847DD0038D221 /* NiblessView.swift in Sources */,
				0A210E672A4F702000D5B750 /* UserModel.swift in Sources */,
				0ABBB33C2A5704A700AD1FA6 /* ProfileViewModel.swift in Sources */,
				0AB7D0C82A62BDC3004A9EF9 /* AddBankAccountViewControllerView.swift in Sources */,
				0AB7D0E82A63FF85004A9EF9 /* TransactionCreator.swift in Sources */,
				0A629C102A81636200FD2464 /* ShowUserAditionalInfoNavigationResponder.swift in Sources */,
				0AFE73792A55EFB200E21458 /* UserStore.swift in Sources */,
				0A14325F2A3F50C0007D9509 /* ViewController.swift in Sources */,
				0A14325B2A3F50C0007D9509 /* AppDelegate.swift in Sources */,
				0AF6A3DE2A74277A0083291C /* TransactionWasAddedAnimationViewController.swift in Sources */,
				0A629C122A81639C00FD2464 /* HideUserAdditionalInfoNavigationResponder.swift in Sources */,
				0AF6A3DC2A7427660083291C /* TransactionWasAddedAnimationViewControllerView.swift in Sources */,
				0AB7D0A52A628AFF004A9EF9 /* CalculatorWork.swift in Sources */,
				0AE423DA2A50308C00311943 /* MyBudgetGoogleAuthorizationClient.swift in Sources */,
				0A475E0B2A52D32B00B397AC /* EditProfileViewConttrollerView.swift in Sources */,
				0AF74F042A484F470038D221 /* BankAccountsTotalBalanceView.swift in Sources */,
				0AE423D52A502D8A00311943 /* AuthorizationManager.swift in Sources */,
				0AB7D0D12A63F35A004A9EF9 /* AccountDescriptionViewController.swift in Sources */,
				0A34DA3F2A6006F600461D45 /* UIButton+Target.swift in Sources */,
				0A7C976D2A7FAE1000544576 /* UserDefaultAppColorDataSource.swift in Sources */,
				0A2AFD362A882E4B00D70A02 /* DarkModeSetter.swift in Sources */,
				0AC4DD722A87A93800DDD51D /* EnumSettings.swift in Sources */,
				0A7C97682A7FAD8800544576 /* AppColorGetter.swift in Sources */,
				0AB7D0E42A63FD85004A9EF9 /* TransactionDescription.swift in Sources */,
				0A14325D2A3F50C0007D9509 /* SceneDelegate.swift in Sources */,
				0AC4DD762A87BC9500DDD51D /* SettingsTableViewCellValue.swift in Sources */,
				0AA725D12A65885100B408C4 /* BankAccountsCollectionViewCell.swift in Sources */,
				0AE28BD12A88E504003888E1 /* SettingsViewModel.swift in Sources */,
				0AB7D0CB2A62BE3C004A9EF9 /* AddBankAccountViewModel.swift in Sources */,
				0AB7D0EA2A63FFF8004A9EF9 /* TransactionGetter.swift in Sources */,
				0AB7D0BD2A62B5E1004A9EF9 /* BankAccountGetter.swift in Sources */,
				0AF74EE42A4842070038D221 /* MyBudgetTabBarDependecyContainer.swift in Sources */,
				0AF74EF12A48473F0038D221 /* AddTransactionViewController.swift in Sources */,
				0AA725CC2A65372A00B408C4 /* AccountDescriptionTableViewCell.swift in Sources */,
				0AFE737B2A55F01F00E21458 /* FirebaseUserStore.swift in Sources */,
				0AFF815E2A4B30D0006ACF1F /* SettingsViewController.swift in Sources */,
				0AB7D0DB2A63FA7B004A9EF9 /* TransactionDescriptionViewModel.swift in Sources */,
				0AF382C72A66D4F100992B35 /* BankAccountDeleter.swift in Sources */,
				0AB7D0A12A6285A5004A9EF9 /* ConfigurableView.swift in Sources */,
				0A210E732A4F880000D5B750 /* BankAccountsTableViewCell.swift in Sources */,
				0AB7D0ED2A640116004A9EF9 /* TransactionRealmManager.swift in Sources */,
				0AFE73742A55E96500E21458 /* HideAuthorizationNavigationResponder.swift in Sources */,
				0AFE737D2A55F1D100E21458 /* FirebaseUserManager.swift in Sources */,
				0AB7D0B02A629AEC004A9EF9 /* AppFonts.swift in Sources */,
				0AF74EF52A4847BF0038D221 /* NiblessViewController.swift in Sources */,
				0AB7D0A32A62862E004A9EF9 /* KeyBoardDelegate.swift in Sources */,
				0AFF81632A4B337D006ACF1F /* SettingsViewControllerView.swift in Sources */,
				0AF74EE72A4844C40038D221 /* UiViewController + Extensions.swift in Sources */,
				0AF6A3E12A7428EE0083291C /* TransactionWasAddedNavigationResponder.swift in Sources */,
				0A2AFD382A882E6300D70A02 /* DarkModeGetter.swift in Sources */,
				0AB7D0B82A62B2FE004A9EF9 /* BankAccount.swift in Sources */,
				0A210E6E2A4F772F00D5B750 /* RealmManager.swift in Sources */,
				0AC30BA52A59B1A700CA9168 /* BlockTap.swift in Sources */,
				0A2AFD332A882E0700D70A02 /* UserDefaultDarkModeStateDataSource.swift in Sources */,
				0AB7D0C62A62BDB2004A9EF9 /* AddBankAccountViewController.swift in Sources */,
				0AB7D0B62A62B1FB004A9EF9 /* BankAccountCreator.swift in Sources */,
				0AF74EDC2A483BEA0038D221 /* MainViewController.swift in Sources */,
				0AA725CF2A656B7300B408C4 /* TransactionCategoryCollectionViewCell.swift in Sources */,
				0AB7D0A72A628B49004A9EF9 /* DisplayManager.swift in Sources */,
				0AF6A3D42A7406CC0083291C /* TransactionDeleter.swift in Sources */,
				0AE423D72A502EEE00311943 /* GoogleAuthorizationClient.swift in Sources */,
				0AFE73772A55EF0A00E21458 /* UserCreator.swift in Sources */,
				0A629C0D2A81611400FD2464 /* SignOutNavigationResponder.swift in Sources */,
				0AB7D0E62A63FE43004A9EF9 /* TransactionDescriptionRealm.swift in Sources */,
				0AB7D0BB2A62B425004A9EF9 /* BankAccountRealmManager.swift in Sources */,
				0AC30BA32A59B19B00CA9168 /* ImagePicker.swift in Sources */,
				0AC029342A71889E000D7698 /* AnaliticsViewModel.swift in Sources */,
				0AE423D22A502A9C00311943 /* AuthorizationViewModel.swift in Sources */,
				0A7C976A2A7FAD9800544576 /* AppColorSetter.swift in Sources */,
				0AFF815B2A4B2D68006ACF1F /* AnaliticsViewController.swift in Sources */,
			);
			runOnlyForDeploymentPostprocessing = 0;
		};
/* End PBXSourcesBuildPhase section */

/* Begin PBXVariantGroup section */
		0A1432602A3F50C0007D9509 /* Main.storyboard */ = {
			isa = PBXVariantGroup;
			children = (
				0A1432612A3F50C0007D9509 /* Base */,
			);
			name = Main.storyboard;
			sourceTree = "<group>";
		};
		0A1432652A3F50C2007D9509 /* LaunchScreen.storyboard */ = {
			isa = PBXVariantGroup;
			children = (
				0A1432662A3F50C2007D9509 /* Base */,
			);
			name = LaunchScreen.storyboard;
			sourceTree = "<group>";
		};
/* End PBXVariantGroup section */

/* Begin XCBuildConfiguration section */
		0A1432692A3F50C2007D9509 /* Debug */ = {
			isa = XCBuildConfiguration;
			buildSettings = {
				ALWAYS_SEARCH_USER_PATHS = NO;
				CLANG_ANALYZER_NONNULL = YES;
				CLANG_ANALYZER_NUMBER_OBJECT_CONVERSION = YES_AGGRESSIVE;
				CLANG_CXX_LANGUAGE_STANDARD = "gnu++20";
				CLANG_ENABLE_MODULES = YES;
				CLANG_ENABLE_OBJC_ARC = YES;
				CLANG_ENABLE_OBJC_WEAK = YES;
				CLANG_WARN_BLOCK_CAPTURE_AUTORELEASING = YES;
				CLANG_WARN_BOOL_CONVERSION = YES;
				CLANG_WARN_COMMA = YES;
				CLANG_WARN_CONSTANT_CONVERSION = YES;
				CLANG_WARN_DEPRECATED_OBJC_IMPLEMENTATIONS = YES;
				CLANG_WARN_DIRECT_OBJC_ISA_USAGE = YES_ERROR;
				CLANG_WARN_DOCUMENTATION_COMMENTS = YES;
				CLANG_WARN_EMPTY_BODY = YES;
				CLANG_WARN_ENUM_CONVERSION = YES;
				CLANG_WARN_INFINITE_RECURSION = YES;
				CLANG_WARN_INT_CONVERSION = YES;
				CLANG_WARN_NON_LITERAL_NULL_CONVERSION = YES;
				CLANG_WARN_OBJC_IMPLICIT_RETAIN_SELF = YES;
				CLANG_WARN_OBJC_LITERAL_CONVERSION = YES;
				CLANG_WARN_OBJC_ROOT_CLASS = YES_ERROR;
				CLANG_WARN_QUOTED_INCLUDE_IN_FRAMEWORK_HEADER = YES;
				CLANG_WARN_RANGE_LOOP_ANALYSIS = YES;
				CLANG_WARN_STRICT_PROTOTYPES = YES;
				CLANG_WARN_SUSPICIOUS_MOVE = YES;
				CLANG_WARN_UNGUARDED_AVAILABILITY = YES_AGGRESSIVE;
				CLANG_WARN_UNREACHABLE_CODE = YES;
				CLANG_WARN__DUPLICATE_METHOD_MATCH = YES;
				COPY_PHASE_STRIP = NO;
				DEBUG_INFORMATION_FORMAT = dwarf;
				ENABLE_STRICT_OBJC_MSGSEND = YES;
				ENABLE_TESTABILITY = YES;
				GCC_C_LANGUAGE_STANDARD = gnu11;
				GCC_DYNAMIC_NO_PIC = NO;
				GCC_NO_COMMON_BLOCKS = YES;
				GCC_OPTIMIZATION_LEVEL = 0;
				GCC_PREPROCESSOR_DEFINITIONS = (
					"DEBUG=1",
					"$(inherited)",
				);
				GCC_WARN_64_TO_32_BIT_CONVERSION = YES;
				GCC_WARN_ABOUT_RETURN_TYPE = YES_ERROR;
				GCC_WARN_UNDECLARED_SELECTOR = YES;
				GCC_WARN_UNINITIALIZED_AUTOS = YES_AGGRESSIVE;
				GCC_WARN_UNUSED_FUNCTION = YES;
				GCC_WARN_UNUSED_VARIABLE = YES;
				IPHONEOS_DEPLOYMENT_TARGET = 16.4;
				MTL_ENABLE_DEBUG_INFO = INCLUDE_SOURCE;
				MTL_FAST_MATH = YES;
				ONLY_ACTIVE_ARCH = YES;
				SDKROOT = iphoneos;
				SWIFT_ACTIVE_COMPILATION_CONDITIONS = DEBUG;
				SWIFT_OPTIMIZATION_LEVEL = "-Onone";
			};
			name = Debug;
		};
		0A14326A2A3F50C2007D9509 /* Release */ = {
			isa = XCBuildConfiguration;
			buildSettings = {
				ALWAYS_SEARCH_USER_PATHS = NO;
				CLANG_ANALYZER_NONNULL = YES;
				CLANG_ANALYZER_NUMBER_OBJECT_CONVERSION = YES_AGGRESSIVE;
				CLANG_CXX_LANGUAGE_STANDARD = "gnu++20";
				CLANG_ENABLE_MODULES = YES;
				CLANG_ENABLE_OBJC_ARC = YES;
				CLANG_ENABLE_OBJC_WEAK = YES;
				CLANG_WARN_BLOCK_CAPTURE_AUTORELEASING = YES;
				CLANG_WARN_BOOL_CONVERSION = YES;
				CLANG_WARN_COMMA = YES;
				CLANG_WARN_CONSTANT_CONVERSION = YES;
				CLANG_WARN_DEPRECATED_OBJC_IMPLEMENTATIONS = YES;
				CLANG_WARN_DIRECT_OBJC_ISA_USAGE = YES_ERROR;
				CLANG_WARN_DOCUMENTATION_COMMENTS = YES;
				CLANG_WARN_EMPTY_BODY = YES;
				CLANG_WARN_ENUM_CONVERSION = YES;
				CLANG_WARN_INFINITE_RECURSION = YES;
				CLANG_WARN_INT_CONVERSION = YES;
				CLANG_WARN_NON_LITERAL_NULL_CONVERSION = YES;
				CLANG_WARN_OBJC_IMPLICIT_RETAIN_SELF = YES;
				CLANG_WARN_OBJC_LITERAL_CONVERSION = YES;
				CLANG_WARN_OBJC_ROOT_CLASS = YES_ERROR;
				CLANG_WARN_QUOTED_INCLUDE_IN_FRAMEWORK_HEADER = YES;
				CLANG_WARN_RANGE_LOOP_ANALYSIS = YES;
				CLANG_WARN_STRICT_PROTOTYPES = YES;
				CLANG_WARN_SUSPICIOUS_MOVE = YES;
				CLANG_WARN_UNGUARDED_AVAILABILITY = YES_AGGRESSIVE;
				CLANG_WARN_UNREACHABLE_CODE = YES;
				CLANG_WARN__DUPLICATE_METHOD_MATCH = YES;
				COPY_PHASE_STRIP = NO;
				DEBUG_INFORMATION_FORMAT = "dwarf-with-dsym";
				ENABLE_NS_ASSERTIONS = NO;
				ENABLE_STRICT_OBJC_MSGSEND = YES;
				GCC_C_LANGUAGE_STANDARD = gnu11;
				GCC_NO_COMMON_BLOCKS = YES;
				GCC_WARN_64_TO_32_BIT_CONVERSION = YES;
				GCC_WARN_ABOUT_RETURN_TYPE = YES_ERROR;
				GCC_WARN_UNDECLARED_SELECTOR = YES;
				GCC_WARN_UNINITIALIZED_AUTOS = YES_AGGRESSIVE;
				GCC_WARN_UNUSED_FUNCTION = YES;
				GCC_WARN_UNUSED_VARIABLE = YES;
				IPHONEOS_DEPLOYMENT_TARGET = 16.4;
				MTL_ENABLE_DEBUG_INFO = NO;
				MTL_FAST_MATH = YES;
				SDKROOT = iphoneos;
				SWIFT_COMPILATION_MODE = wholemodule;
				SWIFT_OPTIMIZATION_LEVEL = "-O";
				VALIDATE_PRODUCT = YES;
			};
			name = Release;
		};
		0A14326C2A3F50C2007D9509 /* Debug */ = {
			isa = XCBuildConfiguration;
			baseConfigurationReference = 0F33345119FFD057AEE516C1 /* Pods-MyBudget.debug.xcconfig */;
			buildSettings = {
				ASSETCATALOG_COMPILER_APPICON_NAME = AppIcon;
				ASSETCATALOG_COMPILER_GLOBAL_ACCENT_COLOR_NAME = AccentColor;
				CODE_SIGN_STYLE = Automatic;
				CURRENT_PROJECT_VERSION = 1;
				DEVELOPMENT_TEAM = 89HUYZRC4L;
				GENERATE_INFOPLIST_FILE = YES;
				INFOPLIST_FILE = MyBudget/Info.plist;
				INFOPLIST_KEY_UIApplicationSupportsIndirectInputEvents = YES;
				INFOPLIST_KEY_UILaunchStoryboardName = LaunchScreen;
				INFOPLIST_KEY_UIMainStoryboardFile = Main;
				INFOPLIST_KEY_UISupportedInterfaceOrientations_iPad = "UIInterfaceOrientationPortrait UIInterfaceOrientationPortraitUpsideDown UIInterfaceOrientationLandscapeLeft UIInterfaceOrientationLandscapeRight";
				INFOPLIST_KEY_UISupportedInterfaceOrientations_iPhone = "UIInterfaceOrientationPortrait UIInterfaceOrientationLandscapeLeft UIInterfaceOrientationLandscapeRight";
				LD_RUNPATH_SEARCH_PATHS = (
					"$(inherited)",
					"@executable_path/Frameworks",
				);
				MARKETING_VERSION = 1.0;
				PRODUCT_BUNDLE_IDENTIFIER = "-.MyBudget";
				PRODUCT_NAME = "$(TARGET_NAME)";
				SWIFT_EMIT_LOC_STRINGS = YES;
				SWIFT_VERSION = 5.0;
				TARGETED_DEVICE_FAMILY = "1,2";
			};
			name = Debug;
		};
		0A14326D2A3F50C2007D9509 /* Release */ = {
			isa = XCBuildConfiguration;
			baseConfigurationReference = 5120690D59960FE9B649BE48 /* Pods-MyBudget.release.xcconfig */;
			buildSettings = {
				ASSETCATALOG_COMPILER_APPICON_NAME = AppIcon;
				ASSETCATALOG_COMPILER_GLOBAL_ACCENT_COLOR_NAME = AccentColor;
				CODE_SIGN_STYLE = Automatic;
				CURRENT_PROJECT_VERSION = 1;
				DEVELOPMENT_TEAM = 89HUYZRC4L;
				GENERATE_INFOPLIST_FILE = YES;
				INFOPLIST_FILE = MyBudget/Info.plist;
				INFOPLIST_KEY_UIApplicationSupportsIndirectInputEvents = YES;
				INFOPLIST_KEY_UILaunchStoryboardName = LaunchScreen;
				INFOPLIST_KEY_UIMainStoryboardFile = Main;
				INFOPLIST_KEY_UISupportedInterfaceOrientations_iPad = "UIInterfaceOrientationPortrait UIInterfaceOrientationPortraitUpsideDown UIInterfaceOrientationLandscapeLeft UIInterfaceOrientationLandscapeRight";
				INFOPLIST_KEY_UISupportedInterfaceOrientations_iPhone = "UIInterfaceOrientationPortrait UIInterfaceOrientationLandscapeLeft UIInterfaceOrientationLandscapeRight";
				LD_RUNPATH_SEARCH_PATHS = (
					"$(inherited)",
					"@executable_path/Frameworks",
				);
				MARKETING_VERSION = 1.0;
				PRODUCT_BUNDLE_IDENTIFIER = "-.MyBudget";
				PRODUCT_NAME = "$(TARGET_NAME)";
				SWIFT_EMIT_LOC_STRINGS = YES;
				SWIFT_VERSION = 5.0;
				TARGETED_DEVICE_FAMILY = "1,2";
			};
			name = Release;
		};
/* End XCBuildConfiguration section */

/* Begin XCConfigurationList section */
		0A1432522A3F50C0007D9509 /* Build configuration list for PBXProject "MyBudget" */ = {
			isa = XCConfigurationList;
			buildConfigurations = (
				0A1432692A3F50C2007D9509 /* Debug */,
				0A14326A2A3F50C2007D9509 /* Release */,
			);
			defaultConfigurationIsVisible = 0;
			defaultConfigurationName = Release;
		};
		0A14326B2A3F50C2007D9509 /* Build configuration list for PBXNativeTarget "MyBudget" */ = {
			isa = XCConfigurationList;
			buildConfigurations = (
				0A14326C2A3F50C2007D9509 /* Debug */,
				0A14326D2A3F50C2007D9509 /* Release */,
			);
			defaultConfigurationIsVisible = 0;
			defaultConfigurationName = Release;
		};
/* End XCConfigurationList section */
	};
	rootObject = 0A14324F2A3F50C0007D9509 /* Project object */;
}
