// !$*UTF8*$!
{
	archiveVersion = 1;
	classes = {
	};
	objectVersion = 56;
	objects = {

/* Begin PBXBuildFile section */
		0A14325B2A3F50C0007D9509 /* AppDelegate.swift in Sources */ = {isa = PBXBuildFile; fileRef = 0A14325A2A3F50C0007D9509 /* AppDelegate.swift */; };
		0A14325D2A3F50C0007D9509 /* SceneDelegate.swift in Sources */ = {isa = PBXBuildFile; fileRef = 0A14325C2A3F50C0007D9509 /* SceneDelegate.swift */; };
		0A14325F2A3F50C0007D9509 /* ViewController.swift in Sources */ = {isa = PBXBuildFile; fileRef = 0A14325E2A3F50C0007D9509 /* ViewController.swift */; };
		0A1432622A3F50C0007D9509 /* Main.storyboard in Resources */ = {isa = PBXBuildFile; fileRef = 0A1432602A3F50C0007D9509 /* Main.storyboard */; };
		0A1432642A3F50C2007D9509 /* Assets.xcassets in Resources */ = {isa = PBXBuildFile; fileRef = 0A1432632A3F50C2007D9509 /* Assets.xcassets */; };
		0A1432672A3F50C2007D9509 /* LaunchScreen.storyboard in Resources */ = {isa = PBXBuildFile; fileRef = 0A1432652A3F50C2007D9509 /* LaunchScreen.storyboard */; };
		0AF74EDC2A483BEA0038D221 /* MainViewController.swift in Sources */ = {isa = PBXBuildFile; fileRef = 0AF74EDB2A483BEA0038D221 /* MainViewController.swift */; };
		0AF74EDE2A483C670038D221 /* MainViewModel.swift in Sources */ = {isa = PBXBuildFile; fileRef = 0AF74EDD2A483C670038D221 /* MainViewModel.swift */; };
		0AF74EE12A483F7D0038D221 /* MyBudgetDependencyContainer.swift in Sources */ = {isa = PBXBuildFile; fileRef = 0AF74EE02A483F7D0038D221 /* MyBudgetDependencyContainer.swift */; };
		0AF74EE42A4842070038D221 /* MyBudgetTabBarDependecyContainer.swift in Sources */ = {isa = PBXBuildFile; fileRef = 0AF74EE32A4842070038D221 /* MyBudgetTabBarDependecyContainer.swift */; };
		0AF74EE72A4844C40038D221 /* UiViewController + Extensions.swift in Sources */ = {isa = PBXBuildFile; fileRef = 0AF74EE62A4844C40038D221 /* UiViewController + Extensions.swift */; };
		0AF74EF12A48473F0038D221 /* AddTransactionViewController.swift in Sources */ = {isa = PBXBuildFile; fileRef = 0AF74EF02A48473F0038D221 /* AddTransactionViewController.swift */; };
		0AF74EF52A4847BF0038D221 /* NiblessViewController.swift in Sources */ = {isa = PBXBuildFile; fileRef = 0AF74EF42A4847BF0038D221 /* NiblessViewController.swift */; };
		0AF74EF72A4847DD0038D221 /* NiblessView.swift in Sources */ = {isa = PBXBuildFile; fileRef = 0AF74EF62A4847DD0038D221 /* NiblessView.swift */; };
		0AF74EF92A48486D0038D221 /* AddTransactionViewControllerView.swift in Sources */ = {isa = PBXBuildFile; fileRef = 0AF74EF82A48486D0038D221 /* AddTransactionViewControllerView.swift */; };
		0AF74F002A4849500038D221 /* BankAccountsViewController.swift in Sources */ = {isa = PBXBuildFile; fileRef = 0AF74EFF2A4849500038D221 /* BankAccountsViewController.swift */; };
		0AF74F022A4849620038D221 /* BankAccountsViewControllerView.swift in Sources */ = {isa = PBXBuildFile; fileRef = 0AF74F012A4849620038D221 /* BankAccountsViewControllerView.swift */; };
		0AF74F042A484F470038D221 /* BankAccountsTotalBalanceView.swift in Sources */ = {isa = PBXBuildFile; fileRef = 0AF74F032A484F470038D221 /* BankAccountsTotalBalanceView.swift */; };
		0AFF815B2A4B2D68006ACF1F /* AnaliticsViewController.swift in Sources */ = {isa = PBXBuildFile; fileRef = 0AFF815A2A4B2D68006ACF1F /* AnaliticsViewController.swift */; };
		0AFF815E2A4B30D0006ACF1F /* SettingsViewController.swift in Sources */ = {isa = PBXBuildFile; fileRef = 0AFF815D2A4B30D0006ACF1F /* SettingsViewController.swift */; };
		0AFF81602A4B3229006ACF1F /* AnaliticsViewControllerView.swift in Sources */ = {isa = PBXBuildFile; fileRef = 0AFF815F2A4B3229006ACF1F /* AnaliticsViewControllerView.swift */; };
		0AFF81632A4B337D006ACF1F /* SettingsViewControllerView.swift in Sources */ = {isa = PBXBuildFile; fileRef = 0AFF81622A4B337D006ACF1F /* SettingsViewControllerView.swift */; };
		6B71B2AF0256FA9F9F37D883 /* Pods_MyBudget.framework in Frameworks */ = {isa = PBXBuildFile; fileRef = 92C2B0B097A4D0DB65D24E03 /* Pods_MyBudget.framework */; };
/* End PBXBuildFile section */

/* Begin PBXFileReference section */
		0A1432572A3F50C0007D9509 /* MyBudget.app */ = {isa = PBXFileReference; explicitFileType = wrapper.application; includeInIndex = 0; path = MyBudget.app; sourceTree = BUILT_PRODUCTS_DIR; };
		0A14325A2A3F50C0007D9509 /* AppDelegate.swift */ = {isa = PBXFileReference; lastKnownFileType = sourcecode.swift; path = AppDelegate.swift; sourceTree = "<group>"; };
		0A14325C2A3F50C0007D9509 /* SceneDelegate.swift */ = {isa = PBXFileReference; lastKnownFileType = sourcecode.swift; path = SceneDelegate.swift; sourceTree = "<group>"; };
		0A14325E2A3F50C0007D9509 /* ViewController.swift */ = {isa = PBXFileReference; lastKnownFileType = sourcecode.swift; path = ViewController.swift; sourceTree = "<group>"; };
		0A1432612A3F50C0007D9509 /* Base */ = {isa = PBXFileReference; lastKnownFileType = file.storyboard; name = Base; path = Base.lproj/Main.storyboard; sourceTree = "<group>"; };
		0A1432632A3F50C2007D9509 /* Assets.xcassets */ = {isa = PBXFileReference; lastKnownFileType = folder.assetcatalog; path = Assets.xcassets; sourceTree = "<group>"; };
		0A1432662A3F50C2007D9509 /* Base */ = {isa = PBXFileReference; lastKnownFileType = file.storyboard; name = Base; path = Base.lproj/LaunchScreen.storyboard; sourceTree = "<group>"; };
		0A1432682A3F50C2007D9509 /* Info.plist */ = {isa = PBXFileReference; lastKnownFileType = text.plist.xml; path = Info.plist; sourceTree = "<group>"; };
		0AF74EDB2A483BEA0038D221 /* MainViewController.swift */ = {isa = PBXFileReference; lastKnownFileType = sourcecode.swift; path = MainViewController.swift; sourceTree = "<group>"; };
		0AF74EDD2A483C670038D221 /* MainViewModel.swift */ = {isa = PBXFileReference; lastKnownFileType = sourcecode.swift; path = MainViewModel.swift; sourceTree = "<group>"; };
		0AF74EE02A483F7D0038D221 /* MyBudgetDependencyContainer.swift */ = {isa = PBXFileReference; lastKnownFileType = sourcecode.swift; path = MyBudgetDependencyContainer.swift; sourceTree = "<group>"; };
		0AF74EE32A4842070038D221 /* MyBudgetTabBarDependecyContainer.swift */ = {isa = PBXFileReference; lastKnownFileType = sourcecode.swift; path = MyBudgetTabBarDependecyContainer.swift; sourceTree = "<group>"; };
		0AF74EE62A4844C40038D221 /* UiViewController + Extensions.swift */ = {isa = PBXFileReference; lastKnownFileType = sourcecode.swift; path = "UiViewController + Extensions.swift"; sourceTree = "<group>"; };
		0AF74EF02A48473F0038D221 /* AddTransactionViewController.swift */ = {isa = PBXFileReference; lastKnownFileType = sourcecode.swift; path = AddTransactionViewController.swift; sourceTree = "<group>"; };
		0AF74EF42A4847BF0038D221 /* NiblessViewController.swift */ = {isa = PBXFileReference; lastKnownFileType = sourcecode.swift; path = NiblessViewController.swift; sourceTree = "<group>"; };
		0AF74EF62A4847DD0038D221 /* NiblessView.swift */ = {isa = PBXFileReference; lastKnownFileType = sourcecode.swift; path = NiblessView.swift; sourceTree = "<group>"; };
		0AF74EF82A48486D0038D221 /* AddTransactionViewControllerView.swift */ = {isa = PBXFileReference; lastKnownFileType = sourcecode.swift; path = AddTransactionViewControllerView.swift; sourceTree = "<group>"; };
		0AF74EFF2A4849500038D221 /* BankAccountsViewController.swift */ = {isa = PBXFileReference; lastKnownFileType = sourcecode.swift; path = BankAccountsViewController.swift; sourceTree = "<group>"; };
		0AF74F012A4849620038D221 /* BankAccountsViewControllerView.swift */ = {isa = PBXFileReference; lastKnownFileType = sourcecode.swift; path = BankAccountsViewControllerView.swift; sourceTree = "<group>"; };
		0AF74F032A484F470038D221 /* BankAccountsTotalBalanceView.swift */ = {isa = PBXFileReference; lastKnownFileType = sourcecode.swift; path = BankAccountsTotalBalanceView.swift; sourceTree = "<group>"; };
		0AFF815A2A4B2D68006ACF1F /* AnaliticsViewController.swift */ = {isa = PBXFileReference; lastKnownFileType = sourcecode.swift; path = AnaliticsViewController.swift; sourceTree = "<group>"; };
		0AFF815D2A4B30D0006ACF1F /* SettingsViewController.swift */ = {isa = PBXFileReference; lastKnownFileType = sourcecode.swift; path = SettingsViewController.swift; sourceTree = "<group>"; };
		0AFF815F2A4B3229006ACF1F /* AnaliticsViewControllerView.swift */ = {isa = PBXFileReference; lastKnownFileType = sourcecode.swift; path = AnaliticsViewControllerView.swift; sourceTree = "<group>"; };
		0AFF81622A4B337D006ACF1F /* SettingsViewControllerView.swift */ = {isa = PBXFileReference; lastKnownFileType = sourcecode.swift; path = SettingsViewControllerView.swift; sourceTree = "<group>"; };
		0F33345119FFD057AEE516C1 /* Pods-MyBudget.debug.xcconfig */ = {isa = PBXFileReference; includeInIndex = 1; lastKnownFileType = text.xcconfig; name = "Pods-MyBudget.debug.xcconfig"; path = "Target Support Files/Pods-MyBudget/Pods-MyBudget.debug.xcconfig"; sourceTree = "<group>"; };
		5120690D59960FE9B649BE48 /* Pods-MyBudget.release.xcconfig */ = {isa = PBXFileReference; includeInIndex = 1; lastKnownFileType = text.xcconfig; name = "Pods-MyBudget.release.xcconfig"; path = "Target Support Files/Pods-MyBudget/Pods-MyBudget.release.xcconfig"; sourceTree = "<group>"; };
		92C2B0B097A4D0DB65D24E03 /* Pods_MyBudget.framework */ = {isa = PBXFileReference; explicitFileType = wrapper.framework; includeInIndex = 0; path = Pods_MyBudget.framework; sourceTree = BUILT_PRODUCTS_DIR; };
/* End PBXFileReference section */

/* Begin PBXFrameworksBuildPhase section */
		0A1432542A3F50C0007D9509 /* Frameworks */ = {
			isa = PBXFrameworksBuildPhase;
			buildActionMask = 2147483647;
			files = (
				6B71B2AF0256FA9F9F37D883 /* Pods_MyBudget.framework in Frameworks */,
			);
			runOnlyForDeploymentPostprocessing = 0;
		};
/* End PBXFrameworksBuildPhase section */

/* Begin PBXGroup section */
		0A14324E2A3F50C0007D9509 = {
			isa = PBXGroup;
			children = (
				0A1432592A3F50C0007D9509 /* MyBudget */,
				0A1432582A3F50C0007D9509 /* Products */,
				659424A8DC5FBA0947070CFF /* Pods */,
				EE02D5F6E2947507E2CCC669 /* Frameworks */,
			);
			sourceTree = "<group>";
		};
		0A1432582A3F50C0007D9509 /* Products */ = {
			isa = PBXGroup;
			children = (
				0A1432572A3F50C0007D9509 /* MyBudget.app */,
			);
			name = Products;
			sourceTree = "<group>";
		};
		0A1432592A3F50C0007D9509 /* MyBudget */ = {
			isa = PBXGroup;
			children = (
				0AF74EF22A4847950038D221 /* SharedComponets */,
				0AF74EEC2A4846DB0038D221 /* Settings */,
				0A16DE002A49D67D00604180 /* Analitics */,
				0AF74EE92A4846A80038D221 /* BankAccounts */,
				0AF74EE82A4846840038D221 /* AddTransaction */,
				0AF74EE52A4844A50038D221 /* Extensions */,
				0AF74EDF2A483F530038D221 /* Containers */,
				0AF74EDA2A483BD60038D221 /* Main */,
				0A14325A2A3F50C0007D9509 /* AppDelegate.swift */,
				0A14325C2A3F50C0007D9509 /* SceneDelegate.swift */,
				0A14325E2A3F50C0007D9509 /* ViewController.swift */,
				0A1432602A3F50C0007D9509 /* Main.storyboard */,
				0A1432632A3F50C2007D9509 /* Assets.xcassets */,
				0A1432652A3F50C2007D9509 /* LaunchScreen.storyboard */,
				0A1432682A3F50C2007D9509 /* Info.plist */,
			);
			path = MyBudget;
			sourceTree = "<group>";
		};
		0A16DDFE2A49D57C00604180 /* UI */ = {
			isa = PBXGroup;
			children = (
				0AFF81612A4B3358006ACF1F /* Views */,
				0AFF815C2A4B30B9006ACF1F /* Controller */,
			);
			path = UI;
			sourceTree = "<group>";
		};
		0A16DE002A49D67D00604180 /* Analitics */ = {
			isa = PBXGroup;
			children = (
				0A16DE012A49D69F00604180 /* UI */,
			);
			path = Analitics;
			sourceTree = "<group>";
		};
		0A16DE012A49D69F00604180 /* UI */ = {
			isa = PBXGroup;
			children = (
				0AFF81592A4B2D14006ACF1F /* Views */,
				0AFF81582A4B2CE9006ACF1F /* Controller */,
			);
			path = UI;
			sourceTree = "<group>";
		};
		0AF74EDA2A483BD60038D221 /* Main */ = {
			isa = PBXGroup;
			children = (
				0AF74EDB2A483BEA0038D221 /* MainViewController.swift */,
				0AF74EDD2A483C670038D221 /* MainViewModel.swift */,
			);
			path = Main;
			sourceTree = "<group>";
		};
		0AF74EDF2A483F530038D221 /* Containers */ = {
			isa = PBXGroup;
			children = (
				0AF74EE02A483F7D0038D221 /* MyBudgetDependencyContainer.swift */,
				0AF74EE32A4842070038D221 /* MyBudgetTabBarDependecyContainer.swift */,
			);
			path = Containers;
			sourceTree = "<group>";
		};
		0AF74EE52A4844A50038D221 /* Extensions */ = {
			isa = PBXGroup;
			children = (
				0AF74EE62A4844C40038D221 /* UiViewController + Extensions.swift */,
			);
			path = Extensions;
			sourceTree = "<group>";
		};
		0AF74EE82A4846840038D221 /* AddTransaction */ = {
			isa = PBXGroup;
			children = (
				0AF74EED2A4846FC0038D221 /* UI */,
			);
			path = AddTransaction;
			sourceTree = "<group>";
		};
		0AF74EE92A4846A80038D221 /* BankAccounts */ = {
			isa = PBXGroup;
			children = (
				0AF74EFB2A4849290038D221 /* UI */,
			);
			path = BankAccounts;
			sourceTree = "<group>";
		};
		0AF74EEC2A4846DB0038D221 /* Settings */ = {
			isa = PBXGroup;
			children = (
				0A16DDFE2A49D57C00604180 /* UI */,
			);
			path = Settings;
			sourceTree = "<group>";
		};
		0AF74EED2A4846FC0038D221 /* UI */ = {
			isa = PBXGroup;
			children = (
				0AF74EEF2A48471E0038D221 /* Views */,
				0AF74EEE2A4847080038D221 /* Controller */,
			);
			path = UI;
			sourceTree = "<group>";
		};
		0AF74EEE2A4847080038D221 /* Controller */ = {
			isa = PBXGroup;
			children = (
				0AF74EF02A48473F0038D221 /* AddTransactionViewController.swift */,
			);
			path = Controller;
			sourceTree = "<group>";
		};
		0AF74EEF2A48471E0038D221 /* Views */ = {
			isa = PBXGroup;
			children = (
				0AF74EF82A48486D0038D221 /* AddTransactionViewControllerView.swift */,
			);
			path = Views;
			sourceTree = "<group>";
		};
		0AF74EF22A4847950038D221 /* SharedComponets */ = {
			isa = PBXGroup;
			children = (
				0AF74EF32A4847A90038D221 /* Nibless */,
			);
			path = SharedComponets;
			sourceTree = "<group>";
		};
		0AF74EF32A4847A90038D221 /* Nibless */ = {
			isa = PBXGroup;
			children = (
				0AF74EF42A4847BF0038D221 /* NiblessViewController.swift */,
				0AF74EF62A4847DD0038D221 /* NiblessView.swift */,
			);
			path = Nibless;
			sourceTree = "<group>";
		};
		0AF74EFB2A4849290038D221 /* UI */ = {
			isa = PBXGroup;
			children = (
				0AF74EFD2A4849350038D221 /* Views */,
				0AF74EFC2A4849300038D221 /* Controller */,
			);
			path = UI;
			sourceTree = "<group>";
		};
		0AF74EFC2A4849300038D221 /* Controller */ = {
			isa = PBXGroup;
			children = (
				0AF74EFF2A4849500038D221 /* BankAccountsViewController.swift */,
			);
			path = Controller;
			sourceTree = "<group>";
		};
		0AF74EFD2A4849350038D221 /* Views */ = {
			isa = PBXGroup;
			children = (
				0AF74F012A4849620038D221 /* BankAccountsViewControllerView.swift */,
				0AF74F032A484F470038D221 /* BankAccountsTotalBalanceView.swift */,
			);
			path = Views;
			sourceTree = "<group>";
		};
		0AFF81582A4B2CE9006ACF1F /* Controller */ = {
			isa = PBXGroup;
			children = (
				0AFF815A2A4B2D68006ACF1F /* AnaliticsViewController.swift */,
			);
			path = Controller;
			sourceTree = "<group>";
		};
		0AFF81592A4B2D14006ACF1F /* Views */ = {
			isa = PBXGroup;
			children = (
				0AFF815F2A4B3229006ACF1F /* AnaliticsViewControllerView.swift */,
			);
			path = Views;
			sourceTree = "<group>";
		};
		0AFF815C2A4B30B9006ACF1F /* Controller */ = {
			isa = PBXGroup;
			children = (
				0AFF815D2A4B30D0006ACF1F /* SettingsViewController.swift */,
			);
			path = Controller;
			sourceTree = "<group>";
		};
		0AFF81612A4B3358006ACF1F /* Views */ = {
			isa = PBXGroup;
			children = (
				0AFF81622A4B337D006ACF1F /* SettingsViewControllerView.swift */,
			);
			path = Views;
			sourceTree = "<group>";
		};
		659424A8DC5FBA0947070CFF /* Pods */ = {
			isa = PBXGroup;
			children = (
				0F33345119FFD057AEE516C1 /* Pods-MyBudget.debug.xcconfig */,
				5120690D59960FE9B649BE48 /* Pods-MyBudget.release.xcconfig */,
			);
			path = Pods;
			sourceTree = "<group>";
		};
		EE02D5F6E2947507E2CCC669 /* Frameworks */ = {
			isa = PBXGroup;
			children = (
				92C2B0B097A4D0DB65D24E03 /* Pods_MyBudget.framework */,
			);
			name = Frameworks;
			sourceTree = "<group>";
		};
/* End PBXGroup section */

/* Begin PBXNativeTarget section */
		0A1432562A3F50C0007D9509 /* MyBudget */ = {
			isa = PBXNativeTarget;
			buildConfigurationList = 0A14326B2A3F50C2007D9509 /* Build configuration list for PBXNativeTarget "MyBudget" */;
			buildPhases = (
				DBDC3AA5451CB6E98F293B00 /* [CP] Check Pods Manifest.lock */,
				0A1432532A3F50C0007D9509 /* Sources */,
				0A1432542A3F50C0007D9509 /* Frameworks */,
				0A1432552A3F50C0007D9509 /* Resources */,
				72508FE60128D4E878EDEF23 /* [CP] Embed Pods Frameworks */,
			);
			buildRules = (
			);
			dependencies = (
			);
			name = MyBudget;
			productName = MyBudget;
			productReference = 0A1432572A3F50C0007D9509 /* MyBudget.app */;
			productType = "com.apple.product-type.application";
		};
/* End PBXNativeTarget section */

/* Begin PBXProject section */
		0A14324F2A3F50C0007D9509 /* Project object */ = {
			isa = PBXProject;
			attributes = {
				BuildIndependentTargetsInParallel = 1;
				LastSwiftUpdateCheck = 1430;
				LastUpgradeCheck = 1430;
				TargetAttributes = {
					0A1432562A3F50C0007D9509 = {
						CreatedOnToolsVersion = 14.3;
					};
				};
			};
			buildConfigurationList = 0A1432522A3F50C0007D9509 /* Build configuration list for PBXProject "MyBudget" */;
			compatibilityVersion = "Xcode 14.0";
			developmentRegion = en;
			hasScannedForEncodings = 0;
			knownRegions = (
				en,
				Base,
			);
			mainGroup = 0A14324E2A3F50C0007D9509;
			productRefGroup = 0A1432582A3F50C0007D9509 /* Products */;
			projectDirPath = "";
			projectRoot = "";
			targets = (
				0A1432562A3F50C0007D9509 /* MyBudget */,
			);
		};
/* End PBXProject section */

/* Begin PBXResourcesBuildPhase section */
		0A1432552A3F50C0007D9509 /* Resources */ = {
			isa = PBXResourcesBuildPhase;
			buildActionMask = 2147483647;
			files = (
				0A1432672A3F50C2007D9509 /* LaunchScreen.storyboard in Resources */,
				0A1432642A3F50C2007D9509 /* Assets.xcassets in Resources */,
				0A1432622A3F50C0007D9509 /* Main.storyboard in Resources */,
			);
			runOnlyForDeploymentPostprocessing = 0;
		};
/* End PBXResourcesBuildPhase section */

/* Begin PBXShellScriptBuildPhase section */
		72508FE60128D4E878EDEF23 /* [CP] Embed Pods Frameworks */ = {
			isa = PBXShellScriptBuildPhase;
			buildActionMask = 2147483647;
			files = (
			);
			inputFileListPaths = (
				"${PODS_ROOT}/Target Support Files/Pods-MyBudget/Pods-MyBudget-frameworks-${CONFIGURATION}-input-files.xcfilelist",
			);
			name = "[CP] Embed Pods Frameworks";
			outputFileListPaths = (
				"${PODS_ROOT}/Target Support Files/Pods-MyBudget/Pods-MyBudget-frameworks-${CONFIGURATION}-output-files.xcfilelist",
			);
			runOnlyForDeploymentPostprocessing = 0;
			shellPath = /bin/sh;
			shellScript = "\"${PODS_ROOT}/Target Support Files/Pods-MyBudget/Pods-MyBudget-frameworks.sh\"\n";
			showEnvVarsInLog = 0;
		};
		DBDC3AA5451CB6E98F293B00 /* [CP] Check Pods Manifest.lock */ = {
			isa = PBXShellScriptBuildPhase;
			buildActionMask = 2147483647;
			files = (
			);
			inputFileListPaths = (
			);
			inputPaths = (
				"${PODS_PODFILE_DIR_PATH}/Podfile.lock",
				"${PODS_ROOT}/Manifest.lock",
			);
			name = "[CP] Check Pods Manifest.lock";
			outputFileListPaths = (
			);
			outputPaths = (
				"$(DERIVED_FILE_DIR)/Pods-MyBudget-checkManifestLockResult.txt",
			);
			runOnlyForDeploymentPostprocessing = 0;
			shellPath = /bin/sh;
			shellScript = "diff \"${PODS_PODFILE_DIR_PATH}/Podfile.lock\" \"${PODS_ROOT}/Manifest.lock\" > /dev/null\nif [ $? != 0 ] ; then\n    # print error to STDERR\n    echo \"error: The sandbox is not in sync with the Podfile.lock. Run 'pod install' or update your CocoaPods installation.\" >&2\n    exit 1\nfi\n# This output is used by Xcode 'outputs' to avoid re-running this script phase.\necho \"SUCCESS\" > \"${SCRIPT_OUTPUT_FILE_0}\"\n";
			showEnvVarsInLog = 0;
		};
/* End PBXShellScriptBuildPhase section */

/* Begin PBXSourcesBuildPhase section */
		0A1432532A3F50C0007D9509 /* Sources */ = {
			isa = PBXSourcesBuildPhase;
			buildActionMask = 2147483647;
			files = (
				0AF74EDE2A483C670038D221 /* MainViewModel.swift in Sources */,
				0AF74F022A4849620038D221 /* BankAccountsViewControllerView.swift in Sources */,
				0AFF81602A4B3229006ACF1F /* AnaliticsViewControllerView.swift in Sources */,
				0AF74EE12A483F7D0038D221 /* MyBudgetDependencyContainer.swift in Sources */,
				0AF74F002A4849500038D221 /* BankAccountsViewController.swift in Sources */,
				0AF74EF92A48486D0038D221 /* AddTransactionViewControllerView.swift in Sources */,
				0AF74EF72A4847DD0038D221 /* NiblessView.swift in Sources */,
				0A14325F2A3F50C0007D9509 /* ViewController.swift in Sources */,
				0A14325B2A3F50C0007D9509 /* AppDelegate.swift in Sources */,
				0AF74F042A484F470038D221 /* BankAccountsTotalBalanceView.swift in Sources */,
				0A14325D2A3F50C0007D9509 /* SceneDelegate.swift in Sources */,
				0AF74EE42A4842070038D221 /* MyBudgetTabBarDependecyContainer.swift in Sources */,
				0AF74EF12A48473F0038D221 /* AddTransactionViewController.swift in Sources */,
				0AFF815E2A4B30D0006ACF1F /* SettingsViewController.swift in Sources */,
				0AF74EF52A4847BF0038D221 /* NiblessViewController.swift in Sources */,
				0AFF81632A4B337D006ACF1F /* SettingsViewControllerView.swift in Sources */,
				0AF74EE72A4844C40038D221 /* UiViewController + Extensions.swift in Sources */,
				0AF74EDC2A483BEA0038D221 /* MainViewController.swift in Sources */,
				0AFF815B2A4B2D68006ACF1F /* AnaliticsViewController.swift in Sources */,
			);
			runOnlyForDeploymentPostprocessing = 0;
		};
/* End PBXSourcesBuildPhase section */

/* Begin PBXVariantGroup section */
		0A1432602A3F50C0007D9509 /* Main.storyboard */ = {
			isa = PBXVariantGroup;
			children = (
				0A1432612A3F50C0007D9509 /* Base */,
			);
			name = Main.storyboard;
			sourceTree = "<group>";
		};
		0A1432652A3F50C2007D9509 /* LaunchScreen.storyboard */ = {
			isa = PBXVariantGroup;
			children = (
				0A1432662A3F50C2007D9509 /* Base */,
			);
			name = LaunchScreen.storyboard;
			sourceTree = "<group>";
		};
/* End PBXVariantGroup section */

/* Begin XCBuildConfiguration section */
		0A1432692A3F50C2007D9509 /* Debug */ = {
			isa = XCBuildConfiguration;
			buildSettings = {
				ALWAYS_SEARCH_USER_PATHS = NO;
				CLANG_ANALYZER_NONNULL = YES;
				CLANG_ANALYZER_NUMBER_OBJECT_CONVERSION = YES_AGGRESSIVE;
				CLANG_CXX_LANGUAGE_STANDARD = "gnu++20";
				CLANG_ENABLE_MODULES = YES;
				CLANG_ENABLE_OBJC_ARC = YES;
				CLANG_ENABLE_OBJC_WEAK = YES;
				CLANG_WARN_BLOCK_CAPTURE_AUTORELEASING = YES;
				CLANG_WARN_BOOL_CONVERSION = YES;
				CLANG_WARN_COMMA = YES;
				CLANG_WARN_CONSTANT_CONVERSION = YES;
				CLANG_WARN_DEPRECATED_OBJC_IMPLEMENTATIONS = YES;
				CLANG_WARN_DIRECT_OBJC_ISA_USAGE = YES_ERROR;
				CLANG_WARN_DOCUMENTATION_COMMENTS = YES;
				CLANG_WARN_EMPTY_BODY = YES;
				CLANG_WARN_ENUM_CONVERSION = YES;
				CLANG_WARN_INFINITE_RECURSION = YES;
				CLANG_WARN_INT_CONVERSION = YES;
				CLANG_WARN_NON_LITERAL_NULL_CONVERSION = YES;
				CLANG_WARN_OBJC_IMPLICIT_RETAIN_SELF = YES;
				CLANG_WARN_OBJC_LITERAL_CONVERSION = YES;
				CLANG_WARN_OBJC_ROOT_CLASS = YES_ERROR;
				CLANG_WARN_QUOTED_INCLUDE_IN_FRAMEWORK_HEADER = YES;
				CLANG_WARN_RANGE_LOOP_ANALYSIS = YES;
				CLANG_WARN_STRICT_PROTOTYPES = YES;
				CLANG_WARN_SUSPICIOUS_MOVE = YES;
				CLANG_WARN_UNGUARDED_AVAILABILITY = YES_AGGRESSIVE;
				CLANG_WARN_UNREACHABLE_CODE = YES;
				CLANG_WARN__DUPLICATE_METHOD_MATCH = YES;
				COPY_PHASE_STRIP = NO;
				DEBUG_INFORMATION_FORMAT = dwarf;
				ENABLE_STRICT_OBJC_MSGSEND = YES;
				ENABLE_TESTABILITY = YES;
				GCC_C_LANGUAGE_STANDARD = gnu11;
				GCC_DYNAMIC_NO_PIC = NO;
				GCC_NO_COMMON_BLOCKS = YES;
				GCC_OPTIMIZATION_LEVEL = 0;
				GCC_PREPROCESSOR_DEFINITIONS = (
					"DEBUG=1",
					"$(inherited)",
				);
				GCC_WARN_64_TO_32_BIT_CONVERSION = YES;
				GCC_WARN_ABOUT_RETURN_TYPE = YES_ERROR;
				GCC_WARN_UNDECLARED_SELECTOR = YES;
				GCC_WARN_UNINITIALIZED_AUTOS = YES_AGGRESSIVE;
				GCC_WARN_UNUSED_FUNCTION = YES;
				GCC_WARN_UNUSED_VARIABLE = YES;
				IPHONEOS_DEPLOYMENT_TARGET = 16.4;
				MTL_ENABLE_DEBUG_INFO = INCLUDE_SOURCE;
				MTL_FAST_MATH = YES;
				ONLY_ACTIVE_ARCH = YES;
				SDKROOT = iphoneos;
				SWIFT_ACTIVE_COMPILATION_CONDITIONS = DEBUG;
				SWIFT_OPTIMIZATION_LEVEL = "-Onone";
			};
			name = Debug;
		};
		0A14326A2A3F50C2007D9509 /* Release */ = {
			isa = XCBuildConfiguration;
			buildSettings = {
				ALWAYS_SEARCH_USER_PATHS = NO;
				CLANG_ANALYZER_NONNULL = YES;
				CLANG_ANALYZER_NUMBER_OBJECT_CONVERSION = YES_AGGRESSIVE;
				CLANG_CXX_LANGUAGE_STANDARD = "gnu++20";
				CLANG_ENABLE_MODULES = YES;
				CLANG_ENABLE_OBJC_ARC = YES;
				CLANG_ENABLE_OBJC_WEAK = YES;
				CLANG_WARN_BLOCK_CAPTURE_AUTORELEASING = YES;
				CLANG_WARN_BOOL_CONVERSION = YES;
				CLANG_WARN_COMMA = YES;
				CLANG_WARN_CONSTANT_CONVERSION = YES;
				CLANG_WARN_DEPRECATED_OBJC_IMPLEMENTATIONS = YES;
				CLANG_WARN_DIRECT_OBJC_ISA_USAGE = YES_ERROR;
				CLANG_WARN_DOCUMENTATION_COMMENTS = YES;
				CLANG_WARN_EMPTY_BODY = YES;
				CLANG_WARN_ENUM_CONVERSION = YES;
				CLANG_WARN_INFINITE_RECURSION = YES;
				CLANG_WARN_INT_CONVERSION = YES;
				CLANG_WARN_NON_LITERAL_NULL_CONVERSION = YES;
				CLANG_WARN_OBJC_IMPLICIT_RETAIN_SELF = YES;
				CLANG_WARN_OBJC_LITERAL_CONVERSION = YES;
				CLANG_WARN_OBJC_ROOT_CLASS = YES_ERROR;
				CLANG_WARN_QUOTED_INCLUDE_IN_FRAMEWORK_HEADER = YES;
				CLANG_WARN_RANGE_LOOP_ANALYSIS = YES;
				CLANG_WARN_STRICT_PROTOTYPES = YES;
				CLANG_WARN_SUSPICIOUS_MOVE = YES;
				CLANG_WARN_UNGUARDED_AVAILABILITY = YES_AGGRESSIVE;
				CLANG_WARN_UNREACHABLE_CODE = YES;
				CLANG_WARN__DUPLICATE_METHOD_MATCH = YES;
				COPY_PHASE_STRIP = NO;
				DEBUG_INFORMATION_FORMAT = "dwarf-with-dsym";
				ENABLE_NS_ASSERTIONS = NO;
				ENABLE_STRICT_OBJC_MSGSEND = YES;
				GCC_C_LANGUAGE_STANDARD = gnu11;
				GCC_NO_COMMON_BLOCKS = YES;
				GCC_WARN_64_TO_32_BIT_CONVERSION = YES;
				GCC_WARN_ABOUT_RETURN_TYPE = YES_ERROR;
				GCC_WARN_UNDECLARED_SELECTOR = YES;
				GCC_WARN_UNINITIALIZED_AUTOS = YES_AGGRESSIVE;
				GCC_WARN_UNUSED_FUNCTION = YES;
				GCC_WARN_UNUSED_VARIABLE = YES;
				IPHONEOS_DEPLOYMENT_TARGET = 16.4;
				MTL_ENABLE_DEBUG_INFO = NO;
				MTL_FAST_MATH = YES;
				SDKROOT = iphoneos;
				SWIFT_COMPILATION_MODE = wholemodule;
				SWIFT_OPTIMIZATION_LEVEL = "-O";
				VALIDATE_PRODUCT = YES;
			};
			name = Release;
		};
		0A14326C2A3F50C2007D9509 /* Debug */ = {
			isa = XCBuildConfiguration;
			baseConfigurationReference = 0F33345119FFD057AEE516C1 /* Pods-MyBudget.debug.xcconfig */;
			buildSettings = {
				ASSETCATALOG_COMPILER_APPICON_NAME = AppIcon;
				ASSETCATALOG_COMPILER_GLOBAL_ACCENT_COLOR_NAME = AccentColor;
				CODE_SIGN_STYLE = Automatic;
				CURRENT_PROJECT_VERSION = 1;
				DEVELOPMENT_TEAM = 89HUYZRC4L;
				GENERATE_INFOPLIST_FILE = YES;
				INFOPLIST_FILE = MyBudget/Info.plist;
				INFOPLIST_KEY_UIApplicationSupportsIndirectInputEvents = YES;
				INFOPLIST_KEY_UILaunchStoryboardName = LaunchScreen;
				INFOPLIST_KEY_UIMainStoryboardFile = Main;
				INFOPLIST_KEY_UISupportedInterfaceOrientations_iPad = "UIInterfaceOrientationPortrait UIInterfaceOrientationPortraitUpsideDown UIInterfaceOrientationLandscapeLeft UIInterfaceOrientationLandscapeRight";
				INFOPLIST_KEY_UISupportedInterfaceOrientations_iPhone = "UIInterfaceOrientationPortrait UIInterfaceOrientationLandscapeLeft UIInterfaceOrientationLandscapeRight";
				LD_RUNPATH_SEARCH_PATHS = (
					"$(inherited)",
					"@executable_path/Frameworks",
				);
				MARKETING_VERSION = 1.0;
				PRODUCT_BUNDLE_IDENTIFIER = "-.MyBudget";
				PRODUCT_NAME = "$(TARGET_NAME)";
				SWIFT_EMIT_LOC_STRINGS = YES;
				SWIFT_VERSION = 5.0;
				TARGETED_DEVICE_FAMILY = "1,2";
			};
			name = Debug;
		};
		0A14326D2A3F50C2007D9509 /* Release */ = {
			isa = XCBuildConfiguration;
			baseConfigurationReference = 5120690D59960FE9B649BE48 /* Pods-MyBudget.release.xcconfig */;
			buildSettings = {
				ASSETCATALOG_COMPILER_APPICON_NAME = AppIcon;
				ASSETCATALOG_COMPILER_GLOBAL_ACCENT_COLOR_NAME = AccentColor;
				CODE_SIGN_STYLE = Automatic;
				CURRENT_PROJECT_VERSION = 1;
				DEVELOPMENT_TEAM = 89HUYZRC4L;
				GENERATE_INFOPLIST_FILE = YES;
				INFOPLIST_FILE = MyBudget/Info.plist;
				INFOPLIST_KEY_UIApplicationSupportsIndirectInputEvents = YES;
				INFOPLIST_KEY_UILaunchStoryboardName = LaunchScreen;
				INFOPLIST_KEY_UIMainStoryboardFile = Main;
				INFOPLIST_KEY_UISupportedInterfaceOrientations_iPad = "UIInterfaceOrientationPortrait UIInterfaceOrientationPortraitUpsideDown UIInterfaceOrientationLandscapeLeft UIInterfaceOrientationLandscapeRight";
				INFOPLIST_KEY_UISupportedInterfaceOrientations_iPhone = "UIInterfaceOrientationPortrait UIInterfaceOrientationLandscapeLeft UIInterfaceOrientationLandscapeRight";
				LD_RUNPATH_SEARCH_PATHS = (
					"$(inherited)",
					"@executable_path/Frameworks",
				);
				MARKETING_VERSION = 1.0;
				PRODUCT_BUNDLE_IDENTIFIER = "-.MyBudget";
				PRODUCT_NAME = "$(TARGET_NAME)";
				SWIFT_EMIT_LOC_STRINGS = YES;
				SWIFT_VERSION = 5.0;
				TARGETED_DEVICE_FAMILY = "1,2";
			};
			name = Release;
		};
/* End XCBuildConfiguration section */

/* Begin XCConfigurationList section */
		0A1432522A3F50C0007D9509 /* Build configuration list for PBXProject "MyBudget" */ = {
			isa = XCConfigurationList;
			buildConfigurations = (
				0A1432692A3F50C2007D9509 /* Debug */,
				0A14326A2A3F50C2007D9509 /* Release */,
			);
			defaultConfigurationIsVisible = 0;
			defaultConfigurationName = Release;
		};
		0A14326B2A3F50C2007D9509 /* Build configuration list for PBXNativeTarget "MyBudget" */ = {
			isa = XCConfigurationList;
			buildConfigurations = (
				0A14326C2A3F50C2007D9509 /* Debug */,
				0A14326D2A3F50C2007D9509 /* Release */,
			);
			defaultConfigurationIsVisible = 0;
			defaultConfigurationName = Release;
		};
/* End XCConfigurationList section */
	};
	rootObject = 0A14324F2A3F50C0007D9509 /* Project object */;
}
